// !$*UTF8*$!
{
	archiveVersion = 1;
	classes = {
	};
	objectVersion = 51;
	objects = {

/* Begin PBXBuildFile section */
		E891784C306062134FA8CDBD /* Pods_Tawseel.framework in Frameworks */ = {isa = PBXBuildFile; fileRef = 44E4E48F3F42386FE1714512 /* Pods_Tawseel.framework */; };
		FA06D2702602875D0054D0B1 /* ViewCustomExtension.swift in Sources */ = {isa = PBXBuildFile; fileRef = FA06D26F2602875D0054D0B1 /* ViewCustomExtension.swift */; };
		FA075E2F26095DF000F68BAB /* PaymentViewController.swift in Sources */ = {isa = PBXBuildFile; fileRef = FA075E2E26095DF000F68BAB /* PaymentViewController.swift */; };
		FA075E3226095E2300F68BAB /* PaymentCardViewController.swift in Sources */ = {isa = PBXBuildFile; fileRef = FA075E3126095E2300F68BAB /* PaymentCardViewController.swift */; };
		FA075E3526095E8C00F68BAB /* PayPalPaymentCardViewController.swift in Sources */ = {isa = PBXBuildFile; fileRef = FA075E3426095E8C00F68BAB /* PayPalPaymentCardViewController.swift */; };
		FA1FC25C25FF198000FBEB36 /* L102Localizer.swift in Sources */ = {isa = PBXBuildFile; fileRef = FA1FC25A25FF198000FBEB36 /* L102Localizer.swift */; };
		FA1FC25D25FF198000FBEB36 /* L102Language.swift in Sources */ = {isa = PBXBuildFile; fileRef = FA1FC25B25FF198000FBEB36 /* L102Language.swift */; };
		FA1FC26925FF1B6000FBEB36 /* Localizable.strings in Resources */ = {isa = PBXBuildFile; fileRef = FA1FC26B25FF1B6000FBEB36 /* Localizable.strings */; };
		FA21D2AC2601288F00D0B71D /* MainTabBarViewController.swift in Sources */ = {isa = PBXBuildFile; fileRef = FA21D2AB2601288F00D0B71D /* MainTabBarViewController.swift */; };
		FA21D2AF260128C500D0B71D /* HomeViewController.swift in Sources */ = {isa = PBXBuildFile; fileRef = FA21D2AE260128C500D0B71D /* HomeViewController.swift */; };
		FA21D2B2260128DE00D0B71D /* MessagesCategoryViewController.swift in Sources */ = {isa = PBXBuildFile; fileRef = FA21D2B1260128DE00D0B71D /* MessagesCategoryViewController.swift */; };
		FA21D2B5260128ED00D0B71D /* NotificationViewController.swift in Sources */ = {isa = PBXBuildFile; fileRef = FA21D2B4260128ED00D0B71D /* NotificationViewController.swift */; };
		FA21D2B92601290900D0B71D /* BillsViewController.swift in Sources */ = {isa = PBXBuildFile; fileRef = FA21D2B82601290900D0B71D /* BillsViewController.swift */; };
		FA21D2BD2601295500D0B71D /* CenterMapViewController.swift in Sources */ = {isa = PBXBuildFile; fileRef = FA21D2BC2601295500D0B71D /* CenterMapViewController.swift */; };
		FA21D2C326012BE200D0B71D /*  GraidentButton.swift in Sources */ = {isa = PBXBuildFile; fileRef = FA21D2C026012BE200D0B71D /*  GraidentButton.swift */; };
		FA21D2C526012BE200D0B71D /* GraidentView.swift in Sources */ = {isa = PBXBuildFile; fileRef = FA21D2C226012BE200D0B71D /* GraidentView.swift */; };
		FA259B59260916C8005F03E2 /* Cairo-Regular.ttf in Resources */ = {isa = PBXBuildFile; fileRef = FA259B53260916C7005F03E2 /* Cairo-Regular.ttf */; };
		FA259B5A260916C8005F03E2 /* Cairo-SemiBold.ttf in Resources */ = {isa = PBXBuildFile; fileRef = FA259B54260916C7005F03E2 /* Cairo-SemiBold.ttf */; };
		FA259B5B260916C8005F03E2 /* Cairo-ExtraLight.ttf in Resources */ = {isa = PBXBuildFile; fileRef = FA259B55260916C7005F03E2 /* Cairo-ExtraLight.ttf */; };
		FA259B5C260916C8005F03E2 /* Cairo-Black.ttf in Resources */ = {isa = PBXBuildFile; fileRef = FA259B56260916C7005F03E2 /* Cairo-Black.ttf */; };
		FA259B5D260916C8005F03E2 /* Cairo-Bold.ttf in Resources */ = {isa = PBXBuildFile; fileRef = FA259B57260916C7005F03E2 /* Cairo-Bold.ttf */; };
		FA259B5E260916C8005F03E2 /* Cairo-Light.ttf in Resources */ = {isa = PBXBuildFile; fileRef = FA259B58260916C8005F03E2 /* Cairo-Light.ttf */; };
		FA259B612609180C005F03E2 /* MessagesCategoryTableViewCell.swift in Sources */ = {isa = PBXBuildFile; fileRef = FA259B602609180C005F03E2 /* MessagesCategoryTableViewCell.swift */; };
		FA2E223C25F82CAB00E9D40A /* LoginScreenViewController.swift in Sources */ = {isa = PBXBuildFile; fileRef = FA2E223B25F82CAB00E9D40A /* LoginScreenViewController.swift */; };
		FA42A696261242FB00DA6030 /* BaseResponseArray.swift in Sources */ = {isa = PBXBuildFile; fileRef = FA42A695261242FB00DA6030 /* BaseResponseArray.swift */; };
		FA472FD625F96B8400DBEAD8 /* SignUpViewController.swift in Sources */ = {isa = PBXBuildFile; fileRef = FA472FD525F96B8400DBEAD8 /* SignUpViewController.swift */; };
		FA472FD925F96BA800DBEAD8 /* RsetPasswordViewController.swift in Sources */ = {isa = PBXBuildFile; fileRef = FA472FD825F96BA800DBEAD8 /* RsetPasswordViewController.swift */; };
		FA498FDF25F7CEEE00AFA0DF /* AppDelegate.swift in Sources */ = {isa = PBXBuildFile; fileRef = FA498FDE25F7CEEE00AFA0DF /* AppDelegate.swift */; };
		FA498FE125F7CEEE00AFA0DF /* SceneDelegate.swift in Sources */ = {isa = PBXBuildFile; fileRef = FA498FE025F7CEEE00AFA0DF /* SceneDelegate.swift */; };
		FA498FE625F7CEEE00AFA0DF /* Main.storyboard in Resources */ = {isa = PBXBuildFile; fileRef = FA498FE425F7CEEE00AFA0DF /* Main.storyboard */; };
		FA498FE825F7CEF000AFA0DF /* Assets.xcassets in Resources */ = {isa = PBXBuildFile; fileRef = FA498FE725F7CEF000AFA0DF /* Assets.xcassets */; };
		FA498FEB25F7CEF000AFA0DF /* LaunchScreen.storyboard in Resources */ = {isa = PBXBuildFile; fileRef = FA498FE925F7CEF000AFA0DF /* LaunchScreen.storyboard */; };
		FA4A144D25FFC606007EB342 /* UserProfileViewController.swift in Sources */ = {isa = PBXBuildFile; fileRef = FA4A144C25FFC606007EB342 /* UserProfileViewController.swift */; };
		FA4A145225FFD404007EB342 /* MapViewController.swift in Sources */ = {isa = PBXBuildFile; fileRef = FA4A145125FFD403007EB342 /* MapViewController.swift */; };
		FA66502126050D0D00EF9E2D /* TracingViewController.swift in Sources */ = {isa = PBXBuildFile; fileRef = FA66502026050D0D00EF9E2D /* TracingViewController.swift */; };
		FA75FF93260C03F700E4A4C6 /* MenuTableViewController.swift in Sources */ = {isa = PBXBuildFile; fileRef = FA75FF92260C03F700E4A4C6 /* MenuTableViewController.swift */; };
		FA75FF97260C085400E4A4C6 /* ProfileViewController.swift in Sources */ = {isa = PBXBuildFile; fileRef = FA75FF96260C085400E4A4C6 /* ProfileViewController.swift */; };
		FA75FF9B260C087000E4A4C6 /* SettingsViewController.swift in Sources */ = {isa = PBXBuildFile; fileRef = FA75FF9A260C087000E4A4C6 /* SettingsViewController.swift */; };
		FA75FF9E260C088400E4A4C6 /* RatingViewController.swift in Sources */ = {isa = PBXBuildFile; fileRef = FA75FF9D260C088400E4A4C6 /* RatingViewController.swift */; };
		FA75FFA1260C089B00E4A4C6 /* ShareAppViewController.swift in Sources */ = {isa = PBXBuildFile; fileRef = FA75FFA0260C089B00E4A4C6 /* ShareAppViewController.swift */; };
		FA75FFA4260C08B500E4A4C6 /* PrivacyViewController.swift in Sources */ = {isa = PBXBuildFile; fileRef = FA75FFA3260C08B500E4A4C6 /* PrivacyViewController.swift */; };
		FA75FFA7260C08C600E4A4C6 /* WhoUsViewController.swift in Sources */ = {isa = PBXBuildFile; fileRef = FA75FFA6260C08C600E4A4C6 /* WhoUsViewController.swift */; };
		FA75FFAA260C08D500E4A4C6 /* ContactUsViewController.swift in Sources */ = {isa = PBXBuildFile; fileRef = FA75FFA9260C08D500E4A4C6 /* ContactUsViewController.swift */; };
		FA75FFAD260C21CB00E4A4C6 /* RatingTableViewCell.swift in Sources */ = {isa = PBXBuildFile; fileRef = FA75FFAC260C21CB00E4A4C6 /* RatingTableViewCell.swift */; };
		FA75FFB0260C22E600E4A4C6 /* RatingInfo.swift in Sources */ = {isa = PBXBuildFile; fileRef = FA75FFAF260C22E600E4A4C6 /* RatingInfo.swift */; };
		FA77471125FA5E3A003BBFE5 /* WelcomeViewController.swift in Sources */ = {isa = PBXBuildFile; fileRef = FA77471025FA5E3A003BBFE5 /* WelcomeViewController.swift */; };
		FA77471925FA62DD003BBFE5 /* WelcomePageCollectionViewCell.swift in Sources */ = {isa = PBXBuildFile; fileRef = FA77471825FA62DD003BBFE5 /* WelcomePageCollectionViewCell.swift */; };
		FA7F8D71260BDBC70021FE7E /* BillsDetalisViewController.swift in Sources */ = {isa = PBXBuildFile; fileRef = FA7F8D70260BDBC70021FE7E /* BillsDetalisViewController.swift */; };
		FA7F8D83260BEC820021FE7E /* MenuViewController.swift in Sources */ = {isa = PBXBuildFile; fileRef = FA7F8D82260BEC820021FE7E /* MenuViewController.swift */; };
		FA9DAF34260F848100734EA0 /* API_URLs.swift in Sources */ = {isa = PBXBuildFile; fileRef = FA9DAF33260F848100734EA0 /* API_URLs.swift */; };
		FAB598DF25F93B94009CEDFB /* UIViewCustomCornerRadius.swift in Sources */ = {isa = PBXBuildFile; fileRef = FAB598D725F93B94009CEDFB /* UIViewCustomCornerRadius.swift */; };
		FAB598E025F93B94009CEDFB /* BottomBorderTextField.swift in Sources */ = {isa = PBXBuildFile; fileRef = FAB598D825F93B94009CEDFB /* BottomBorderTextField.swift */; };
		FAB598E125F93B94009CEDFB /* ViewDesignable.swift in Sources */ = {isa = PBXBuildFile; fileRef = FAB598D925F93B94009CEDFB /* ViewDesignable.swift */; };
		FAB598E225F93B94009CEDFB /* ButtonDesignable.swift in Sources */ = {isa = PBXBuildFile; fileRef = FAB598DA25F93B94009CEDFB /* ButtonDesignable.swift */; };
		FAB598E325F93B94009CEDFB /* TextFieldDesignable.swift in Sources */ = {isa = PBXBuildFile; fileRef = FAB598DB25F93B94009CEDFB /* TextFieldDesignable.swift */; };
		FAB598E425F93B94009CEDFB /* IconTextField.swift in Sources */ = {isa = PBXBuildFile; fileRef = FAB598DC25F93B94009CEDFB /* IconTextField.swift */; };
		FAB598E525F93B94009CEDFB /* UIImageViewDesignable.swift in Sources */ = {isa = PBXBuildFile; fileRef = FAB598DD25F93B94009CEDFB /* UIImageViewDesignable.swift */; };
		FAB598E625F93B94009CEDFB /* UILabelDesignable.swift in Sources */ = {isa = PBXBuildFile; fileRef = FAB598DE25F93B94009CEDFB /* UILabelDesignable.swift */; };
		FAB598F125F93D36009CEDFB /* Tajawal-Bold.ttf in Resources */ = {isa = PBXBuildFile; fileRef = FAB598EA25F93D35009CEDFB /* Tajawal-Bold.ttf */; };
		FAB598F225F93D36009CEDFB /* Tajawal-Medium.ttf in Resources */ = {isa = PBXBuildFile; fileRef = FAB598EB25F93D35009CEDFB /* Tajawal-Medium.ttf */; };
		FAB598F325F93D36009CEDFB /* Tajawal-Light.ttf in Resources */ = {isa = PBXBuildFile; fileRef = FAB598EC25F93D35009CEDFB /* Tajawal-Light.ttf */; };
		FAB598F425F93D36009CEDFB /* Tajawal-Black.ttf in Resources */ = {isa = PBXBuildFile; fileRef = FAB598ED25F93D36009CEDFB /* Tajawal-Black.ttf */; };
		FAB598F525F93D36009CEDFB /* Tajawal-ExtraBold.ttf in Resources */ = {isa = PBXBuildFile; fileRef = FAB598EE25F93D36009CEDFB /* Tajawal-ExtraBold.ttf */; };
		FAB598F625F93D36009CEDFB /* Tajawal-Regular.ttf in Resources */ = {isa = PBXBuildFile; fileRef = FAB598EF25F93D36009CEDFB /* Tajawal-Regular.ttf */; };
		FAB598F725F93D36009CEDFB /* Tajawal-ExtraLight.ttf in Resources */ = {isa = PBXBuildFile; fileRef = FAB598F025F93D36009CEDFB /* Tajawal-ExtraLight.ttf */; };
		FAB84FD72604F3BF004831D2 /* InvoiceInfo.swift in Sources */ = {isa = PBXBuildFile; fileRef = FAB84FD62604F3BF004831D2 /* InvoiceInfo.swift */; };
		FAD1D9EA26091AC20013CF88 /* MessagesCategoryInfo.swift in Sources */ = {isa = PBXBuildFile; fileRef = FAD1D9E926091AC20013CF88 /* MessagesCategoryInfo.swift */; };
		FAD1D9ED26092CDD0013CF88 /* Notifications.swift in Sources */ = {isa = PBXBuildFile; fileRef = FAD1D9EC26092CDD0013CF88 /* Notifications.swift */; };
		FAD1D9F026092F700013CF88 /* NotificationTableViewCell.swift in Sources */ = {isa = PBXBuildFile; fileRef = FAD1D9EF26092F700013CF88 /* NotificationTableViewCell.swift */; };
		FAD1D9F3260932920013CF88 /* NotificationInfo.swift in Sources */ = {isa = PBXBuildFile; fileRef = FAD1D9F2260932920013CF88 /* NotificationInfo.swift */; };
		FAD1D9F62609446A0013CF88 /* BillVisaDetailsViewController.swift in Sources */ = {isa = PBXBuildFile; fileRef = FAD1D9F52609446A0013CF88 /* BillVisaDetailsViewController.swift */; };
		FAEA314D260AAEC600DE0DE4 /* BillsTableViewCell.swift in Sources */ = {isa = PBXBuildFile; fileRef = FAEA314C260AAEC600DE0DE4 /* BillsTableViewCell.swift */; };
		FAEA3150260AB28900DE0DE4 /* Billsnfo.swift in Sources */ = {isa = PBXBuildFile; fileRef = FAEA314F260AB28900DE0DE4 /* Billsnfo.swift */; };
		FAF50B9C2604D629004556A3 /* world-cities.txt in Resources */ = {isa = PBXBuildFile; fileRef = FAF50B9B2604D629004556A3 /* world-cities.txt */; };
		FAF50BA32604D891004556A3 /* OrdersTableViewCell.swift in Sources */ = {isa = PBXBuildFile; fileRef = FAF50BA22604D891004556A3 /* OrdersTableViewCell.swift */; };
		FAF7141226110F9D00D8D4AA /* UserAPI.swift in Sources */ = {isa = PBXBuildFile; fileRef = FAF7141126110F9D00D8D4AA /* UserAPI.swift */; };
		FAF7141526110FAB00D8D4AA /* GeneralAPI.swift in Sources */ = {isa = PBXBuildFile; fileRef = FAF7141426110FAB00D8D4AA /* GeneralAPI.swift */; };
		FAF71419261113F300D8D4AA /* User.swift in Sources */ = {isa = PBXBuildFile; fileRef = FAF71417261113F300D8D4AA /* User.swift */; };
		FAF7141A261113F300D8D4AA /* BaseResponseObject.swift in Sources */ = {isa = PBXBuildFile; fileRef = FAF71418261113F300D8D4AA /* BaseResponseObject.swift */; };
		FAF7141F261123AF00D8D4AA /* UserDefaultsData.swift in Sources */ = {isa = PBXBuildFile; fileRef = FAF7141E261123AF00D8D4AA /* UserDefaultsData.swift */; };
		FAFD089B25F80B9C0024872B /* ViewExtension.swift in Sources */ = {isa = PBXBuildFile; fileRef = FAFD089A25F80B9B0024872B /* ViewExtension.swift */; };
/* End PBXBuildFile section */

/* Begin PBXFileReference section */
		44E4E48F3F42386FE1714512 /* Pods_Tawseel.framework */ = {isa = PBXFileReference; explicitFileType = wrapper.framework; includeInIndex = 0; path = Pods_Tawseel.framework; sourceTree = BUILT_PRODUCTS_DIR; };
		6379DF579AE44732B81A2664 /* Pods-Tawseel.release.xcconfig */ = {isa = PBXFileReference; includeInIndex = 1; lastKnownFileType = text.xcconfig; name = "Pods-Tawseel.release.xcconfig"; path = "Target Support Files/Pods-Tawseel/Pods-Tawseel.release.xcconfig"; sourceTree = "<group>"; };
		B392E80DF3967D60B6ED1C26 /* Pods-Tawseel.debug.xcconfig */ = {isa = PBXFileReference; includeInIndex = 1; lastKnownFileType = text.xcconfig; name = "Pods-Tawseel.debug.xcconfig"; path = "Target Support Files/Pods-Tawseel/Pods-Tawseel.debug.xcconfig"; sourceTree = "<group>"; };
		FA06D26F2602875D0054D0B1 /* ViewCustomExtension.swift */ = {isa = PBXFileReference; fileEncoding = 4; lastKnownFileType = sourcecode.swift; path = ViewCustomExtension.swift; sourceTree = "<group>"; };
		FA075E2E26095DF000F68BAB /* PaymentViewController.swift */ = {isa = PBXFileReference; lastKnownFileType = sourcecode.swift; path = PaymentViewController.swift; sourceTree = "<group>"; };
		FA075E3126095E2300F68BAB /* PaymentCardViewController.swift */ = {isa = PBXFileReference; lastKnownFileType = sourcecode.swift; path = PaymentCardViewController.swift; sourceTree = "<group>"; };
		FA075E3426095E8C00F68BAB /* PayPalPaymentCardViewController.swift */ = {isa = PBXFileReference; lastKnownFileType = sourcecode.swift; path = PayPalPaymentCardViewController.swift; sourceTree = "<group>"; };
		FA1FC25A25FF198000FBEB36 /* L102Localizer.swift */ = {isa = PBXFileReference; fileEncoding = 4; lastKnownFileType = sourcecode.swift; path = L102Localizer.swift; sourceTree = "<group>"; };
		FA1FC25B25FF198000FBEB36 /* L102Language.swift */ = {isa = PBXFileReference; fileEncoding = 4; lastKnownFileType = sourcecode.swift; path = L102Language.swift; sourceTree = "<group>"; };
		FA1FC25F25FF1A7A00FBEB36 /* ar-SA */ = {isa = PBXFileReference; lastKnownFileType = text.plist.strings; name = "ar-SA"; path = "ar-SA.lproj/Main.strings"; sourceTree = "<group>"; };
		FA1FC26025FF1A7A00FBEB36 /* ar-SA */ = {isa = PBXFileReference; lastKnownFileType = text.plist.strings; name = "ar-SA"; path = "ar-SA.lproj/LaunchScreen.strings"; sourceTree = "<group>"; };
		FA1FC26A25FF1B6000FBEB36 /* en */ = {isa = PBXFileReference; lastKnownFileType = text.plist.strings; name = en; path = en.lproj/Localizable.strings; sourceTree = "<group>"; };
		FA1FC26D25FF1B6200FBEB36 /* ar-SA */ = {isa = PBXFileReference; lastKnownFileType = text.plist.strings; name = "ar-SA"; path = "ar-SA.lproj/Localizable.strings"; sourceTree = "<group>"; };
		FA21D2AB2601288F00D0B71D /* MainTabBarViewController.swift */ = {isa = PBXFileReference; lastKnownFileType = sourcecode.swift; path = MainTabBarViewController.swift; sourceTree = "<group>"; };
		FA21D2AE260128C500D0B71D /* HomeViewController.swift */ = {isa = PBXFileReference; lastKnownFileType = sourcecode.swift; path = HomeViewController.swift; sourceTree = "<group>"; };
		FA21D2B1260128DE00D0B71D /* MessagesCategoryViewController.swift */ = {isa = PBXFileReference; lastKnownFileType = sourcecode.swift; path = MessagesCategoryViewController.swift; sourceTree = "<group>"; };
		FA21D2B4260128ED00D0B71D /* NotificationViewController.swift */ = {isa = PBXFileReference; lastKnownFileType = sourcecode.swift; path = NotificationViewController.swift; sourceTree = "<group>"; };
		FA21D2B82601290900D0B71D /* BillsViewController.swift */ = {isa = PBXFileReference; lastKnownFileType = sourcecode.swift; path = BillsViewController.swift; sourceTree = "<group>"; };
		FA21D2BC2601295500D0B71D /* CenterMapViewController.swift */ = {isa = PBXFileReference; lastKnownFileType = sourcecode.swift; path = CenterMapViewController.swift; sourceTree = "<group>"; };
		FA21D2C026012BE200D0B71D /*  GraidentButton.swift */ = {isa = PBXFileReference; fileEncoding = 4; lastKnownFileType = sourcecode.swift; path = " GraidentButton.swift"; sourceTree = "<group>"; };
		FA21D2C226012BE200D0B71D /* GraidentView.swift */ = {isa = PBXFileReference; fileEncoding = 4; lastKnownFileType = sourcecode.swift; path = GraidentView.swift; sourceTree = "<group>"; };
		FA259B53260916C7005F03E2 /* Cairo-Regular.ttf */ = {isa = PBXFileReference; lastKnownFileType = file; path = "Cairo-Regular.ttf"; sourceTree = "<group>"; };
		FA259B54260916C7005F03E2 /* Cairo-SemiBold.ttf */ = {isa = PBXFileReference; lastKnownFileType = file; path = "Cairo-SemiBold.ttf"; sourceTree = "<group>"; };
		FA259B55260916C7005F03E2 /* Cairo-ExtraLight.ttf */ = {isa = PBXFileReference; lastKnownFileType = file; path = "Cairo-ExtraLight.ttf"; sourceTree = "<group>"; };
		FA259B56260916C7005F03E2 /* Cairo-Black.ttf */ = {isa = PBXFileReference; lastKnownFileType = file; path = "Cairo-Black.ttf"; sourceTree = "<group>"; };
		FA259B57260916C7005F03E2 /* Cairo-Bold.ttf */ = {isa = PBXFileReference; lastKnownFileType = file; path = "Cairo-Bold.ttf"; sourceTree = "<group>"; };
		FA259B58260916C8005F03E2 /* Cairo-Light.ttf */ = {isa = PBXFileReference; lastKnownFileType = file; path = "Cairo-Light.ttf"; sourceTree = "<group>"; };
		FA259B602609180C005F03E2 /* MessagesCategoryTableViewCell.swift */ = {isa = PBXFileReference; lastKnownFileType = sourcecode.swift; path = MessagesCategoryTableViewCell.swift; sourceTree = "<group>"; };
		FA2E223B25F82CAB00E9D40A /* LoginScreenViewController.swift */ = {isa = PBXFileReference; lastKnownFileType = sourcecode.swift; path = LoginScreenViewController.swift; sourceTree = "<group>"; };
		FA42A695261242FB00DA6030 /* BaseResponseArray.swift */ = {isa = PBXFileReference; lastKnownFileType = sourcecode.swift; path = BaseResponseArray.swift; sourceTree = "<group>"; };
		FA472FD525F96B8400DBEAD8 /* SignUpViewController.swift */ = {isa = PBXFileReference; lastKnownFileType = sourcecode.swift; path = SignUpViewController.swift; sourceTree = "<group>"; };
		FA472FD825F96BA800DBEAD8 /* RsetPasswordViewController.swift */ = {isa = PBXFileReference; lastKnownFileType = sourcecode.swift; path = RsetPasswordViewController.swift; sourceTree = "<group>"; };
		FA498FDB25F7CEEE00AFA0DF /* Tawseel.app */ = {isa = PBXFileReference; explicitFileType = wrapper.application; includeInIndex = 0; path = Tawseel.app; sourceTree = BUILT_PRODUCTS_DIR; };
		FA498FDE25F7CEEE00AFA0DF /* AppDelegate.swift */ = {isa = PBXFileReference; lastKnownFileType = sourcecode.swift; path = AppDelegate.swift; sourceTree = "<group>"; };
		FA498FE025F7CEEE00AFA0DF /* SceneDelegate.swift */ = {isa = PBXFileReference; lastKnownFileType = sourcecode.swift; path = SceneDelegate.swift; sourceTree = "<group>"; };
		FA498FE525F7CEEE00AFA0DF /* Base */ = {isa = PBXFileReference; lastKnownFileType = file.storyboard; name = Base; path = Base.lproj/Main.storyboard; sourceTree = "<group>"; };
		FA498FE725F7CEF000AFA0DF /* Assets.xcassets */ = {isa = PBXFileReference; lastKnownFileType = folder.assetcatalog; path = Assets.xcassets; sourceTree = "<group>"; };
		FA498FEA25F7CEF000AFA0DF /* Base */ = {isa = PBXFileReference; lastKnownFileType = file.storyboard; name = Base; path = Base.lproj/LaunchScreen.storyboard; sourceTree = "<group>"; };
		FA498FEC25F7CEF000AFA0DF /* Info.plist */ = {isa = PBXFileReference; lastKnownFileType = text.plist.xml; path = Info.plist; sourceTree = "<group>"; };
		FA4A144C25FFC606007EB342 /* UserProfileViewController.swift */ = {isa = PBXFileReference; lastKnownFileType = sourcecode.swift; path = UserProfileViewController.swift; sourceTree = "<group>"; };
		FA4A145125FFD403007EB342 /* MapViewController.swift */ = {isa = PBXFileReference; lastKnownFileType = sourcecode.swift; path = MapViewController.swift; sourceTree = "<group>"; };
		FA66502026050D0D00EF9E2D /* TracingViewController.swift */ = {isa = PBXFileReference; lastKnownFileType = sourcecode.swift; path = TracingViewController.swift; sourceTree = "<group>"; };
		FA75FF92260C03F700E4A4C6 /* MenuTableViewController.swift */ = {isa = PBXFileReference; lastKnownFileType = sourcecode.swift; path = MenuTableViewController.swift; sourceTree = "<group>"; };
		FA75FF96260C085400E4A4C6 /* ProfileViewController.swift */ = {isa = PBXFileReference; lastKnownFileType = sourcecode.swift; path = ProfileViewController.swift; sourceTree = "<group>"; };
		FA75FF9A260C087000E4A4C6 /* SettingsViewController.swift */ = {isa = PBXFileReference; lastKnownFileType = sourcecode.swift; path = SettingsViewController.swift; sourceTree = "<group>"; };
		FA75FF9D260C088400E4A4C6 /* RatingViewController.swift */ = {isa = PBXFileReference; lastKnownFileType = sourcecode.swift; path = RatingViewController.swift; sourceTree = "<group>"; };
		FA75FFA0260C089B00E4A4C6 /* ShareAppViewController.swift */ = {isa = PBXFileReference; lastKnownFileType = sourcecode.swift; path = ShareAppViewController.swift; sourceTree = "<group>"; };
		FA75FFA3260C08B500E4A4C6 /* PrivacyViewController.swift */ = {isa = PBXFileReference; lastKnownFileType = sourcecode.swift; path = PrivacyViewController.swift; sourceTree = "<group>"; };
		FA75FFA6260C08C600E4A4C6 /* WhoUsViewController.swift */ = {isa = PBXFileReference; lastKnownFileType = sourcecode.swift; path = WhoUsViewController.swift; sourceTree = "<group>"; };
		FA75FFA9260C08D500E4A4C6 /* ContactUsViewController.swift */ = {isa = PBXFileReference; lastKnownFileType = sourcecode.swift; path = ContactUsViewController.swift; sourceTree = "<group>"; };
		FA75FFAC260C21CB00E4A4C6 /* RatingTableViewCell.swift */ = {isa = PBXFileReference; lastKnownFileType = sourcecode.swift; path = RatingTableViewCell.swift; sourceTree = "<group>"; };
		FA75FFAF260C22E600E4A4C6 /* RatingInfo.swift */ = {isa = PBXFileReference; lastKnownFileType = sourcecode.swift; path = RatingInfo.swift; sourceTree = "<group>"; };
		FA77471025FA5E3A003BBFE5 /* WelcomeViewController.swift */ = {isa = PBXFileReference; lastKnownFileType = sourcecode.swift; path = WelcomeViewController.swift; sourceTree = "<group>"; };
		FA77471825FA62DD003BBFE5 /* WelcomePageCollectionViewCell.swift */ = {isa = PBXFileReference; lastKnownFileType = sourcecode.swift; path = WelcomePageCollectionViewCell.swift; sourceTree = "<group>"; };
		FA7F8D70260BDBC70021FE7E /* BillsDetalisViewController.swift */ = {isa = PBXFileReference; lastKnownFileType = sourcecode.swift; path = BillsDetalisViewController.swift; sourceTree = "<group>"; };
		FA7F8D82260BEC820021FE7E /* MenuViewController.swift */ = {isa = PBXFileReference; lastKnownFileType = sourcecode.swift; path = MenuViewController.swift; sourceTree = "<group>"; };
		FA9DAF33260F848100734EA0 /* API_URLs.swift */ = {isa = PBXFileReference; lastKnownFileType = sourcecode.swift; path = API_URLs.swift; sourceTree = "<group>"; };
		FAB598D725F93B94009CEDFB /* UIViewCustomCornerRadius.swift */ = {isa = PBXFileReference; fileEncoding = 4; lastKnownFileType = sourcecode.swift; path = UIViewCustomCornerRadius.swift; sourceTree = "<group>"; };
		FAB598D825F93B94009CEDFB /* BottomBorderTextField.swift */ = {isa = PBXFileReference; fileEncoding = 4; lastKnownFileType = sourcecode.swift; path = BottomBorderTextField.swift; sourceTree = "<group>"; };
		FAB598D925F93B94009CEDFB /* ViewDesignable.swift */ = {isa = PBXFileReference; fileEncoding = 4; lastKnownFileType = sourcecode.swift; path = ViewDesignable.swift; sourceTree = "<group>"; };
		FAB598DA25F93B94009CEDFB /* ButtonDesignable.swift */ = {isa = PBXFileReference; fileEncoding = 4; lastKnownFileType = sourcecode.swift; path = ButtonDesignable.swift; sourceTree = "<group>"; };
		FAB598DB25F93B94009CEDFB /* TextFieldDesignable.swift */ = {isa = PBXFileReference; fileEncoding = 4; lastKnownFileType = sourcecode.swift; path = TextFieldDesignable.swift; sourceTree = "<group>"; };
		FAB598DC25F93B94009CEDFB /* IconTextField.swift */ = {isa = PBXFileReference; fileEncoding = 4; lastKnownFileType = sourcecode.swift; path = IconTextField.swift; sourceTree = "<group>"; };
		FAB598DD25F93B94009CEDFB /* UIImageViewDesignable.swift */ = {isa = PBXFileReference; fileEncoding = 4; lastKnownFileType = sourcecode.swift; path = UIImageViewDesignable.swift; sourceTree = "<group>"; };
		FAB598DE25F93B94009CEDFB /* UILabelDesignable.swift */ = {isa = PBXFileReference; fileEncoding = 4; lastKnownFileType = sourcecode.swift; path = UILabelDesignable.swift; sourceTree = "<group>"; };
		FAB598EA25F93D35009CEDFB /* Tajawal-Bold.ttf */ = {isa = PBXFileReference; lastKnownFileType = file; path = "Tajawal-Bold.ttf"; sourceTree = "<group>"; };
		FAB598EB25F93D35009CEDFB /* Tajawal-Medium.ttf */ = {isa = PBXFileReference; lastKnownFileType = file; path = "Tajawal-Medium.ttf"; sourceTree = "<group>"; };
		FAB598EC25F93D35009CEDFB /* Tajawal-Light.ttf */ = {isa = PBXFileReference; lastKnownFileType = file; path = "Tajawal-Light.ttf"; sourceTree = "<group>"; };
		FAB598ED25F93D36009CEDFB /* Tajawal-Black.ttf */ = {isa = PBXFileReference; lastKnownFileType = file; path = "Tajawal-Black.ttf"; sourceTree = "<group>"; };
		FAB598EE25F93D36009CEDFB /* Tajawal-ExtraBold.ttf */ = {isa = PBXFileReference; lastKnownFileType = file; path = "Tajawal-ExtraBold.ttf"; sourceTree = "<group>"; };
		FAB598EF25F93D36009CEDFB /* Tajawal-Regular.ttf */ = {isa = PBXFileReference; lastKnownFileType = file; path = "Tajawal-Regular.ttf"; sourceTree = "<group>"; };
		FAB598F025F93D36009CEDFB /* Tajawal-ExtraLight.ttf */ = {isa = PBXFileReference; lastKnownFileType = file; path = "Tajawal-ExtraLight.ttf"; sourceTree = "<group>"; };
		FAB84FD62604F3BF004831D2 /* InvoiceInfo.swift */ = {isa = PBXFileReference; lastKnownFileType = sourcecode.swift; path = InvoiceInfo.swift; sourceTree = "<group>"; };
		FAD1D9E926091AC20013CF88 /* MessagesCategoryInfo.swift */ = {isa = PBXFileReference; lastKnownFileType = sourcecode.swift; path = MessagesCategoryInfo.swift; sourceTree = "<group>"; };
		FAD1D9EC26092CDD0013CF88 /* Notifications.swift */ = {isa = PBXFileReference; lastKnownFileType = sourcecode.swift; path = Notifications.swift; sourceTree = "<group>"; };
		FAD1D9EF26092F700013CF88 /* NotificationTableViewCell.swift */ = {isa = PBXFileReference; lastKnownFileType = sourcecode.swift; path = NotificationTableViewCell.swift; sourceTree = "<group>"; };
		FAD1D9F2260932920013CF88 /* NotificationInfo.swift */ = {isa = PBXFileReference; lastKnownFileType = sourcecode.swift; path = NotificationInfo.swift; sourceTree = "<group>"; };
		FAD1D9F52609446A0013CF88 /* BillVisaDetailsViewController.swift */ = {isa = PBXFileReference; lastKnownFileType = sourcecode.swift; path = BillVisaDetailsViewController.swift; sourceTree = "<group>"; };
		FAEA314C260AAEC600DE0DE4 /* BillsTableViewCell.swift */ = {isa = PBXFileReference; lastKnownFileType = sourcecode.swift; path = BillsTableViewCell.swift; sourceTree = "<group>"; };
		FAEA314F260AB28900DE0DE4 /* Billsnfo.swift */ = {isa = PBXFileReference; lastKnownFileType = sourcecode.swift; path = Billsnfo.swift; sourceTree = "<group>"; };
		FAF50B9B2604D629004556A3 /* world-cities.txt */ = {isa = PBXFileReference; fileEncoding = 4; lastKnownFileType = text; path = "world-cities.txt"; sourceTree = "<group>"; };
		FAF50BA22604D891004556A3 /* OrdersTableViewCell.swift */ = {isa = PBXFileReference; lastKnownFileType = sourcecode.swift; path = OrdersTableViewCell.swift; sourceTree = "<group>"; };
		FAF7141126110F9D00D8D4AA /* UserAPI.swift */ = {isa = PBXFileReference; lastKnownFileType = sourcecode.swift; path = UserAPI.swift; sourceTree = "<group>"; };
		FAF7141426110FAB00D8D4AA /* GeneralAPI.swift */ = {isa = PBXFileReference; lastKnownFileType = sourcecode.swift; path = GeneralAPI.swift; sourceTree = "<group>"; };
		FAF71417261113F300D8D4AA /* User.swift */ = {isa = PBXFileReference; fileEncoding = 4; lastKnownFileType = sourcecode.swift; path = User.swift; sourceTree = "<group>"; };
		FAF71418261113F300D8D4AA /* BaseResponseObject.swift */ = {isa = PBXFileReference; fileEncoding = 4; lastKnownFileType = sourcecode.swift; path = BaseResponseObject.swift; sourceTree = "<group>"; };
		FAF7141E261123AF00D8D4AA /* UserDefaultsData.swift */ = {isa = PBXFileReference; lastKnownFileType = sourcecode.swift; path = UserDefaultsData.swift; sourceTree = "<group>"; };
		FAFD089A25F80B9B0024872B /* ViewExtension.swift */ = {isa = PBXFileReference; fileEncoding = 4; lastKnownFileType = sourcecode.swift; path = ViewExtension.swift; sourceTree = "<group>"; };
/* End PBXFileReference section */

/* Begin PBXFrameworksBuildPhase section */
		FA498FD825F7CEEE00AFA0DF /* Frameworks */ = {
			isa = PBXFrameworksBuildPhase;
			buildActionMask = 2147483647;
			files = (
				E891784C306062134FA8CDBD /* Pods_Tawseel.framework in Frameworks */,
			);
			runOnlyForDeploymentPostprocessing = 0;
		};
/* End PBXFrameworksBuildPhase section */

/* Begin PBXGroup section */
		339AEA189CDD759048B85A44 /* Pods */ = {
			isa = PBXGroup;
			children = (
				B392E80DF3967D60B6ED1C26 /* Pods-Tawseel.debug.xcconfig */,
				6379DF579AE44732B81A2664 /* Pods-Tawseel.release.xcconfig */,
			);
			path = Pods;
			sourceTree = "<group>";
		};
		52B5803AE2DF565B55A5789B /* Frameworks */ = {
			isa = PBXGroup;
			children = (
				44E4E48F3F42386FE1714512 /* Pods_Tawseel.framework */,
			);
			name = Frameworks;
			sourceTree = "<group>";
		};
		FA075E3726095E9200F68BAB /* PaymentViewControllers */ = {
			isa = PBXGroup;
			children = (
				FA075E2E26095DF000F68BAB /* PaymentViewController.swift */,
				FA075E3126095E2300F68BAB /* PaymentCardViewController.swift */,
				FA075E3426095E8C00F68BAB /* PayPalPaymentCardViewController.swift */,
			);
			path = PaymentViewControllers;
			sourceTree = "<group>";
		};
		FA1FC25925FF198000FBEB36 /* Language */ = {
			isa = PBXGroup;
			children = (
				FA1FC25A25FF198000FBEB36 /* L102Localizer.swift */,
				FA1FC25B25FF198000FBEB36 /* L102Language.swift */,
			);
			path = Language;
			sourceTree = "<group>";
		};
		FA21D2AA2601283500D0B71D /* TapBarMainGroup */ = {
			isa = PBXGroup;
			children = (
				FA21D2AB2601288F00D0B71D /* MainTabBarViewController.swift */,
				FA21D2AE260128C500D0B71D /* HomeViewController.swift */,
				FA21D2B1260128DE00D0B71D /* MessagesCategoryViewController.swift */,
				FA21D2B4260128ED00D0B71D /* NotificationViewController.swift */,
				FA21D2B82601290900D0B71D /* BillsViewController.swift */,
				FA21D2BC2601295500D0B71D /* CenterMapViewController.swift */,
			);
			path = TapBarMainGroup;
			sourceTree = "<group>";
		};
		FA21D2BF26012BE200D0B71D /* Extension */ = {
			isa = PBXGroup;
			children = (
				FA21D2C026012BE200D0B71D /*  GraidentButton.swift */,
				FA06D26F2602875D0054D0B1 /* ViewCustomExtension.swift */,
				FA21D2C226012BE200D0B71D /* GraidentView.swift */,
			);
			name = Extension;
			path = "../../../GymReservations App/GymReservations/GymReservations/Extension";
			sourceTree = "<group>";
		};
		FA259B52260916B6005F03E2 /* Cairo */ = {
			isa = PBXGroup;
			children = (
				FA259B56260916C7005F03E2 /* Cairo-Black.ttf */,
				FA259B57260916C7005F03E2 /* Cairo-Bold.ttf */,
				FA259B55260916C7005F03E2 /* Cairo-ExtraLight.ttf */,
				FA259B58260916C8005F03E2 /* Cairo-Light.ttf */,
				FA259B53260916C7005F03E2 /* Cairo-Regular.ttf */,
				FA259B54260916C7005F03E2 /* Cairo-SemiBold.ttf */,
			);
			path = Cairo;
			sourceTree = "<group>";
		};
		FA498FD225F7CEEE00AFA0DF = {
			isa = PBXGroup;
			children = (
				FA498FDD25F7CEEE00AFA0DF /* Tawseel */,
				FA498FDC25F7CEEE00AFA0DF /* Products */,
				339AEA189CDD759048B85A44 /* Pods */,
				52B5803AE2DF565B55A5789B /* Frameworks */,
			);
			sourceTree = "<group>";
		};
		FA498FDC25F7CEEE00AFA0DF /* Products */ = {
			isa = PBXGroup;
			children = (
				FA498FDB25F7CEEE00AFA0DF /* Tawseel.app */,
			);
			name = Products;
			sourceTree = "<group>";
		};
		FA498FDD25F7CEEE00AFA0DF /* Tawseel */ = {
			isa = PBXGroup;
			children = (
				FAF7141D2611237C00D8D4AA /* UserDefaultsStorage */,
				FA9DAF32260F844E00734EA0 /* API */,
				FA21D2BF26012BE200D0B71D /* Extension */,
				FA1FC25925FF198000FBEB36 /* Language */,
				FAB598E825F93D1A009CEDFB /* Fonts */,
				FAB598D625F93B94009CEDFB /* Designable */,
				FAFD089925F80B9B0024872B /* Extension */,
				FA498FF425F7D0E600AFA0DF /* Model */,
				FA498FF325F7D0DE00AFA0DF /* Controller */,
				FA498FDE25F7CEEE00AFA0DF /* AppDelegate.swift */,
				FA498FE025F7CEEE00AFA0DF /* SceneDelegate.swift */,
				FA498FE425F7CEEE00AFA0DF /* Main.storyboard */,
				FA498FE725F7CEF000AFA0DF /* Assets.xcassets */,
				FA498FE925F7CEF000AFA0DF /* LaunchScreen.storyboard */,
				FA498FEC25F7CEF000AFA0DF /* Info.plist */,
				FAF50B9B2604D629004556A3 /* world-cities.txt */,
				FA1FC26B25FF1B6000FBEB36 /* Localizable.strings */,
			);
			path = Tawseel;
			sourceTree = "<group>";
		};
		FA498FF325F7D0DE00AFA0DF /* Controller */ = {
			isa = PBXGroup;
			children = (
				FA75FF95260C080C00E4A4C6 /* SideMenuViewControllers */,
				FA4A144F25FFC614007EB342 /* Auth View Controller */,
				FA21D2AA2601283500D0B71D /* TapBarMainGroup */,
				FA075E3726095E9200F68BAB /* PaymentViewControllers */,
				FA77471325FA6292003BBFE5 /* Cell */,
				FA4A144C25FFC606007EB342 /* UserProfileViewController.swift */,
				FA4A145125FFD403007EB342 /* MapViewController.swift */,
				FA66502026050D0D00EF9E2D /* TracingViewController.swift */,
				FAD1D9F52609446A0013CF88 /* BillVisaDetailsViewController.swift */,
				FA7F8D70260BDBC70021FE7E /* BillsDetalisViewController.swift */,
			);
			path = Controller;
			sourceTree = "<group>";
		};
		FA498FF425F7D0E600AFA0DF /* Model */ = {
			isa = PBXGroup;
			children = (
				FAB84FD62604F3BF004831D2 /* InvoiceInfo.swift */,
				FAD1D9E926091AC20013CF88 /* MessagesCategoryInfo.swift */,
				FAD1D9EC26092CDD0013CF88 /* Notifications.swift */,
				FAD1D9F2260932920013CF88 /* NotificationInfo.swift */,
				FAEA314F260AB28900DE0DE4 /* Billsnfo.swift */,
				FA75FFAF260C22E600E4A4C6 /* RatingInfo.swift */,
			);
			path = Model;
			sourceTree = "<group>";
		};
		FA4A144F25FFC614007EB342 /* Auth View Controller */ = {
			isa = PBXGroup;
			children = (
				FA2E223B25F82CAB00E9D40A /* LoginScreenViewController.swift */,
				FA472FD525F96B8400DBEAD8 /* SignUpViewController.swift */,
				FA472FD825F96BA800DBEAD8 /* RsetPasswordViewController.swift */,
				FA77471025FA5E3A003BBFE5 /* WelcomeViewController.swift */,
			);
			path = "Auth View Controller";
			sourceTree = "<group>";
		};
		FA75FF95260C080C00E4A4C6 /* SideMenuViewControllers */ = {
			isa = PBXGroup;
			children = (
				FA7F8D82260BEC820021FE7E /* MenuViewController.swift */,
				FA75FF92260C03F700E4A4C6 /* MenuTableViewController.swift */,
				FA75FF96260C085400E4A4C6 /* ProfileViewController.swift */,
				FA75FF9A260C087000E4A4C6 /* SettingsViewController.swift */,
				FA75FF9D260C088400E4A4C6 /* RatingViewController.swift */,
				FA75FFA0260C089B00E4A4C6 /* ShareAppViewController.swift */,
				FA75FFA3260C08B500E4A4C6 /* PrivacyViewController.swift */,
				FA75FFA6260C08C600E4A4C6 /* WhoUsViewController.swift */,
				FA75FFA9260C08D500E4A4C6 /* ContactUsViewController.swift */,
			);
			path = SideMenuViewControllers;
			sourceTree = "<group>";
		};
		FA77471325FA6292003BBFE5 /* Cell */ = {
			isa = PBXGroup;
			children = (
				FA77471825FA62DD003BBFE5 /* WelcomePageCollectionViewCell.swift */,
				FAF50BA22604D891004556A3 /* OrdersTableViewCell.swift */,
				FA259B602609180C005F03E2 /* MessagesCategoryTableViewCell.swift */,
				FAD1D9EF26092F700013CF88 /* NotificationTableViewCell.swift */,
				FAEA314C260AAEC600DE0DE4 /* BillsTableViewCell.swift */,
				FA75FFAC260C21CB00E4A4C6 /* RatingTableViewCell.swift */,
			);
			path = Cell;
			sourceTree = "<group>";
		};
		FA9DAF32260F844E00734EA0 /* API */ = {
			isa = PBXGroup;
			children = (
				FAF7140E26110A4D00D8D4AA /* URLs */,
				FAF7140D2611096D00D8D4AA /* API Controllers */,
				FAF7140C2611095900D8D4AA /* API Models */,
			);
			path = API;
			sourceTree = "<group>";
		};
		FAB598D625F93B94009CEDFB /* Designable */ = {
			isa = PBXGroup;
			children = (
				FAB598D725F93B94009CEDFB /* UIViewCustomCornerRadius.swift */,
				FAB598D825F93B94009CEDFB /* BottomBorderTextField.swift */,
				FAB598D925F93B94009CEDFB /* ViewDesignable.swift */,
				FAB598DA25F93B94009CEDFB /* ButtonDesignable.swift */,
				FAB598DB25F93B94009CEDFB /* TextFieldDesignable.swift */,
				FAB598DC25F93B94009CEDFB /* IconTextField.swift */,
				FAB598DD25F93B94009CEDFB /* UIImageViewDesignable.swift */,
				FAB598DE25F93B94009CEDFB /* UILabelDesignable.swift */,
			);
			path = Designable;
			sourceTree = "<group>";
		};
		FAB598E825F93D1A009CEDFB /* Fonts */ = {
			isa = PBXGroup;
			children = (
				FA259B52260916B6005F03E2 /* Cairo */,
				FAB598E925F93D21009CEDFB /* Tajawal */,
			);
			path = Fonts;
			sourceTree = "<group>";
		};
		FAB598E925F93D21009CEDFB /* Tajawal */ = {
			isa = PBXGroup;
			children = (
				FAB598ED25F93D36009CEDFB /* Tajawal-Black.ttf */,
				FAB598EA25F93D35009CEDFB /* Tajawal-Bold.ttf */,
				FAB598EE25F93D36009CEDFB /* Tajawal-ExtraBold.ttf */,
				FAB598F025F93D36009CEDFB /* Tajawal-ExtraLight.ttf */,
				FAB598EC25F93D35009CEDFB /* Tajawal-Light.ttf */,
				FAB598EB25F93D35009CEDFB /* Tajawal-Medium.ttf */,
				FAB598EF25F93D36009CEDFB /* Tajawal-Regular.ttf */,
			);
			path = Tajawal;
			sourceTree = "<group>";
		};
		FAF7140C2611095900D8D4AA /* API Models */ = {
			isa = PBXGroup;
			children = (
				FAF71417261113F300D8D4AA /* User.swift */,
				FAF71418261113F300D8D4AA /* BaseResponseObject.swift */,
				FA42A695261242FB00DA6030 /* BaseResponseArray.swift */,
			);
			path = "API Models";
			sourceTree = "<group>";
		};
		FAF7140D2611096D00D8D4AA /* API Controllers */ = {
			isa = PBXGroup;
			children = (
				FAF7141126110F9D00D8D4AA /* UserAPI.swift */,
				FAF7141426110FAB00D8D4AA /* GeneralAPI.swift */,
			);
			path = "API Controllers";
			sourceTree = "<group>";
		};
		FAF7140E26110A4D00D8D4AA /* URLs */ = {
			isa = PBXGroup;
			children = (
				FA9DAF33260F848100734EA0 /* API_URLs.swift */,
			);
			path = URLs;
			sourceTree = "<group>";
		};
		FAF7141D2611237C00D8D4AA /* UserDefaultsStorage */ = {
			isa = PBXGroup;
			children = (
				FAF7141E261123AF00D8D4AA /* UserDefaultsData.swift */,
			);
			path = UserDefaultsStorage;
			sourceTree = "<group>";
		};
		FAFD089925F80B9B0024872B /* Extension */ = {
			isa = PBXGroup;
			children = (
				FAFD089A25F80B9B0024872B /* ViewExtension.swift */,
			);
			path = Extension;
			sourceTree = "<group>";
		};
/* End PBXGroup section */

/* Begin PBXNativeTarget section */
		FA498FDA25F7CEEE00AFA0DF /* Tawseel */ = {
			isa = PBXNativeTarget;
			buildConfigurationList = FA498FEF25F7CEF000AFA0DF /* Build configuration list for PBXNativeTarget "Tawseel" */;
			buildPhases = (
				B21762BAD3519C917A8CC478 /* [CP] Check Pods Manifest.lock */,
				FA498FD725F7CEEE00AFA0DF /* Sources */,
				FA498FD825F7CEEE00AFA0DF /* Frameworks */,
				FA498FD925F7CEEE00AFA0DF /* Resources */,
				729A210ACA61CC44EC3CC7DF /* [CP] Copy Pods Resources */,
				2ADF9B68F9661C2E953432D8 /* [CP] Embed Pods Frameworks */,
			);
			buildRules = (
			);
			dependencies = (
			);
			name = Tawseel;
			productName = Tawseel;
			productReference = FA498FDB25F7CEEE00AFA0DF /* Tawseel.app */;
			productType = "com.apple.product-type.application";
		};
/* End PBXNativeTarget section */

/* Begin PBXProject section */
		FA498FD325F7CEEE00AFA0DF /* Project object */ = {
			isa = PBXProject;
			attributes = {
				LastSwiftUpdateCheck = 1220;
				LastUpgradeCheck = 1220;
				TargetAttributes = {
					FA498FDA25F7CEEE00AFA0DF = {
						CreatedOnToolsVersion = 12.2;
					};
				};
			};
			buildConfigurationList = FA498FD625F7CEEE00AFA0DF /* Build configuration list for PBXProject "Tawseel" */;
			compatibilityVersion = "Xcode 9.3";
			developmentRegion = en;
			hasScannedForEncodings = 0;
			knownRegions = (
				en,
				Base,
				"ar-SA",
			);
			mainGroup = FA498FD225F7CEEE00AFA0DF;
			productRefGroup = FA498FDC25F7CEEE00AFA0DF /* Products */;
			projectDirPath = "";
			projectRoot = "";
			targets = (
				FA498FDA25F7CEEE00AFA0DF /* Tawseel */,
			);
		};
/* End PBXProject section */

/* Begin PBXResourcesBuildPhase section */
		FA498FD925F7CEEE00AFA0DF /* Resources */ = {
			isa = PBXResourcesBuildPhase;
			buildActionMask = 2147483647;
			files = (
				FA498FEB25F7CEF000AFA0DF /* LaunchScreen.storyboard in Resources */,
				FA259B5B260916C8005F03E2 /* Cairo-ExtraLight.ttf in Resources */,
				FA498FE825F7CEF000AFA0DF /* Assets.xcassets in Resources */,
				FA259B5C260916C8005F03E2 /* Cairo-Black.ttf in Resources */,
				FA1FC26925FF1B6000FBEB36 /* Localizable.strings in Resources */,
				FAB598F125F93D36009CEDFB /* Tajawal-Bold.ttf in Resources */,
				FAB598F725F93D36009CEDFB /* Tajawal-ExtraLight.ttf in Resources */,
				FA259B5D260916C8005F03E2 /* Cairo-Bold.ttf in Resources */,
				FAB598F425F93D36009CEDFB /* Tajawal-Black.ttf in Resources */,
				FA259B5A260916C8005F03E2 /* Cairo-SemiBold.ttf in Resources */,
				FAB598F225F93D36009CEDFB /* Tajawal-Medium.ttf in Resources */,
				FAB598F325F93D36009CEDFB /* Tajawal-Light.ttf in Resources */,
				FA259B59260916C8005F03E2 /* Cairo-Regular.ttf in Resources */,
				FAF50B9C2604D629004556A3 /* world-cities.txt in Resources */,
				FAB598F625F93D36009CEDFB /* Tajawal-Regular.ttf in Resources */,
				FA498FE625F7CEEE00AFA0DF /* Main.storyboard in Resources */,
				FA259B5E260916C8005F03E2 /* Cairo-Light.ttf in Resources */,
				FAB598F525F93D36009CEDFB /* Tajawal-ExtraBold.ttf in Resources */,
			);
			runOnlyForDeploymentPostprocessing = 0;
		};
/* End PBXResourcesBuildPhase section */

/* Begin PBXShellScriptBuildPhase section */
		2ADF9B68F9661C2E953432D8 /* [CP] Embed Pods Frameworks */ = {
			isa = PBXShellScriptBuildPhase;
			buildActionMask = 2147483647;
			files = (
			);
			inputFileListPaths = (
				"${PODS_ROOT}/Target Support Files/Pods-Tawseel/Pods-Tawseel-frameworks-${CONFIGURATION}-input-files.xcfilelist",
			);
			name = "[CP] Embed Pods Frameworks";
			outputFileListPaths = (
				"${PODS_ROOT}/Target Support Files/Pods-Tawseel/Pods-Tawseel-frameworks-${CONFIGURATION}-output-files.xcfilelist",
			);
			runOnlyForDeploymentPostprocessing = 0;
			shellPath = /bin/sh;
			shellScript = "\"${PODS_ROOT}/Target Support Files/Pods-Tawseel/Pods-Tawseel-frameworks.sh\"\n";
			showEnvVarsInLog = 0;
		};
		729A210ACA61CC44EC3CC7DF /* [CP] Copy Pods Resources */ = {
			isa = PBXShellScriptBuildPhase;
			buildActionMask = 2147483647;
			files = (
			);
			inputFileListPaths = (
				"${PODS_ROOT}/Target Support Files/Pods-Tawseel/Pods-Tawseel-resources-${CONFIGURATION}-input-files.xcfilelist",
			);
			name = "[CP] Copy Pods Resources";
			outputFileListPaths = (
				"${PODS_ROOT}/Target Support Files/Pods-Tawseel/Pods-Tawseel-resources-${CONFIGURATION}-output-files.xcfilelist",
			);
			runOnlyForDeploymentPostprocessing = 0;
			shellPath = /bin/sh;
			shellScript = "\"${PODS_ROOT}/Target Support Files/Pods-Tawseel/Pods-Tawseel-resources.sh\"\n";
			showEnvVarsInLog = 0;
		};
		B21762BAD3519C917A8CC478 /* [CP] Check Pods Manifest.lock */ = {
			isa = PBXShellScriptBuildPhase;
			buildActionMask = 2147483647;
			files = (
			);
			inputFileListPaths = (
			);
			inputPaths = (
				"${PODS_PODFILE_DIR_PATH}/Podfile.lock",
				"${PODS_ROOT}/Manifest.lock",
			);
			name = "[CP] Check Pods Manifest.lock";
			outputFileListPaths = (
			);
			outputPaths = (
				"$(DERIVED_FILE_DIR)/Pods-Tawseel-checkManifestLockResult.txt",
			);
			runOnlyForDeploymentPostprocessing = 0;
			shellPath = /bin/sh;
			shellScript = "diff \"${PODS_PODFILE_DIR_PATH}/Podfile.lock\" \"${PODS_ROOT}/Manifest.lock\" > /dev/null\nif [ $? != 0 ] ; then\n    # print error to STDERR\n    echo \"error: The sandbox is not in sync with the Podfile.lock. Run 'pod install' or update your CocoaPods installation.\" >&2\n    exit 1\nfi\n# This output is used by Xcode 'outputs' to avoid re-running this script phase.\necho \"SUCCESS\" > \"${SCRIPT_OUTPUT_FILE_0}\"\n";
			showEnvVarsInLog = 0;
		};
/* End PBXShellScriptBuildPhase section */

/* Begin PBXSourcesBuildPhase section */
		FA498FD725F7CEEE00AFA0DF /* Sources */ = {
			isa = PBXSourcesBuildPhase;
			buildActionMask = 2147483647;
			files = (
				FAD1D9F026092F700013CF88 /* NotificationTableViewCell.swift in Sources */,
				FA075E2F26095DF000F68BAB /* PaymentViewController.swift in Sources */,
				FA075E3526095E8C00F68BAB /* PayPalPaymentCardViewController.swift in Sources */,
				FAB598E125F93B94009CEDFB /* ViewDesignable.swift in Sources */,
				FA7F8D71260BDBC70021FE7E /* BillsDetalisViewController.swift in Sources */,
				FAF7141526110FAB00D8D4AA /* GeneralAPI.swift in Sources */,
				FA259B612609180C005F03E2 /* MessagesCategoryTableViewCell.swift in Sources */,
				FAB598E325F93B94009CEDFB /* TextFieldDesignable.swift in Sources */,
				FA21D2B5260128ED00D0B71D /* NotificationViewController.swift in Sources */,
				FA75FF97260C085400E4A4C6 /* ProfileViewController.swift in Sources */,
				FA4A144D25FFC606007EB342 /* UserProfileViewController.swift in Sources */,
				FA42A696261242FB00DA6030 /* BaseResponseArray.swift in Sources */,
				FAD1D9EA26091AC20013CF88 /* MessagesCategoryInfo.swift in Sources */,
				FA21D2BD2601295500D0B71D /* CenterMapViewController.swift in Sources */,
				FA21D2AC2601288F00D0B71D /* MainTabBarViewController.swift in Sources */,
				FAD1D9F62609446A0013CF88 /* BillVisaDetailsViewController.swift in Sources */,
				FA75FFA4260C08B500E4A4C6 /* PrivacyViewController.swift in Sources */,
				FA21D2C526012BE200D0B71D /* GraidentView.swift in Sources */,
				FAB84FD72604F3BF004831D2 /* InvoiceInfo.swift in Sources */,
				FA4A145225FFD404007EB342 /* MapViewController.swift in Sources */,
				FA77471925FA62DD003BBFE5 /* WelcomePageCollectionViewCell.swift in Sources */,
				FA1FC25C25FF198000FBEB36 /* L102Localizer.swift in Sources */,
				FA75FFB0260C22E600E4A4C6 /* RatingInfo.swift in Sources */,
				FA21D2AF260128C500D0B71D /* HomeViewController.swift in Sources */,
				FAB598E225F93B94009CEDFB /* ButtonDesignable.swift in Sources */,
				FAF7141F261123AF00D8D4AA /* UserDefaultsData.swift in Sources */,
				FA77471125FA5E3A003BBFE5 /* WelcomeViewController.swift in Sources */,
				FAF71419261113F300D8D4AA /* User.swift in Sources */,
				FAB598E525F93B94009CEDFB /* UIImageViewDesignable.swift in Sources */,
				FA75FF9B260C087000E4A4C6 /* SettingsViewController.swift in Sources */,
				FA498FDF25F7CEEE00AFA0DF /* AppDelegate.swift in Sources */,
				FAFD089B25F80B9C0024872B /* ViewExtension.swift in Sources */,
				FAD1D9F3260932920013CF88 /* NotificationInfo.swift in Sources */,
				FAB598E425F93B94009CEDFB /* IconTextField.swift in Sources */,
				FA1FC25D25FF198000FBEB36 /* L102Language.swift in Sources */,
				FA075E3226095E2300F68BAB /* PaymentCardViewController.swift in Sources */,
				FA9DAF34260F848100734EA0 /* API_URLs.swift in Sources */,
				FA75FF93260C03F700E4A4C6 /* MenuTableViewController.swift in Sources */,
				FA472FD625F96B8400DBEAD8 /* SignUpViewController.swift in Sources */,
				FA75FFA7260C08C600E4A4C6 /* WhoUsViewController.swift in Sources */,
				FAD1D9ED26092CDD0013CF88 /* Notifications.swift in Sources */,
				FAF50BA32604D891004556A3 /* OrdersTableViewCell.swift in Sources */,
				FA75FF9E260C088400E4A4C6 /* RatingViewController.swift in Sources */,
				FA7F8D83260BEC820021FE7E /* MenuViewController.swift in Sources */,
				FA75FFAD260C21CB00E4A4C6 /* RatingTableViewCell.swift in Sources */,
				FAF7141226110F9D00D8D4AA /* UserAPI.swift in Sources */,
				FA75FFA1260C089B00E4A4C6 /* ShareAppViewController.swift in Sources */,
				FA75FFAA260C08D500E4A4C6 /* ContactUsViewController.swift in Sources */,
				FA2E223C25F82CAB00E9D40A /* LoginScreenViewController.swift in Sources */,
				FA472FD925F96BA800DBEAD8 /* RsetPasswordViewController.swift in Sources */,
				FAEA314D260AAEC600DE0DE4 /* BillsTableViewCell.swift in Sources */,
				FAB598E625F93B94009CEDFB /* UILabelDesignable.swift in Sources */,
				FA21D2B92601290900D0B71D /* BillsViewController.swift in Sources */,
				FA06D2702602875D0054D0B1 /* ViewCustomExtension.swift in Sources */,
				FAB598DF25F93B94009CEDFB /* UIViewCustomCornerRadius.swift in Sources */,
				FAF7141A261113F300D8D4AA /* BaseResponseObject.swift in Sources */,
				FA21D2C326012BE200D0B71D /*  GraidentButton.swift in Sources */,
				FAB598E025F93B94009CEDFB /* BottomBorderTextField.swift in Sources */,
				FA66502126050D0D00EF9E2D /* TracingViewController.swift in Sources */,
				FA498FE125F7CEEE00AFA0DF /* SceneDelegate.swift in Sources */,
				FA21D2B2260128DE00D0B71D /* MessagesCategoryViewController.swift in Sources */,
				FAEA3150260AB28900DE0DE4 /* Billsnfo.swift in Sources */,
			);
			runOnlyForDeploymentPostprocessing = 0;
		};
/* End PBXSourcesBuildPhase section */

/* Begin PBXVariantGroup section */
		FA1FC26B25FF1B6000FBEB36 /* Localizable.strings */ = {
			isa = PBXVariantGroup;
			children = (
				FA1FC26A25FF1B6000FBEB36 /* en */,
				FA1FC26D25FF1B6200FBEB36 /* ar-SA */,
			);
			name = Localizable.strings;
			sourceTree = "<group>";
		};
		FA498FE425F7CEEE00AFA0DF /* Main.storyboard */ = {
			isa = PBXVariantGroup;
			children = (
				FA498FE525F7CEEE00AFA0DF /* Base */,
				FA1FC25F25FF1A7A00FBEB36 /* ar-SA */,
			);
			name = Main.storyboard;
			sourceTree = "<group>";
		};
		FA498FE925F7CEF000AFA0DF /* LaunchScreen.storyboard */ = {
			isa = PBXVariantGroup;
			children = (
				FA498FEA25F7CEF000AFA0DF /* Base */,
				FA1FC26025FF1A7A00FBEB36 /* ar-SA */,
			);
			name = LaunchScreen.storyboard;
			sourceTree = "<group>";
		};
/* End PBXVariantGroup section */

/* Begin XCBuildConfiguration section */
		FA498FED25F7CEF000AFA0DF /* Debug */ = {
			isa = XCBuildConfiguration;
			buildSettings = {
				ALWAYS_SEARCH_USER_PATHS = NO;
				CLANG_ANALYZER_LOCALIZABILITY_NONLOCALIZED = YES;
				CLANG_ANALYZER_NONNULL = YES;
				CLANG_ANALYZER_NUMBER_OBJECT_CONVERSION = YES_AGGRESSIVE;
				CLANG_CXX_LANGUAGE_STANDARD = "gnu++14";
				CLANG_CXX_LIBRARY = "libc++";
				CLANG_ENABLE_MODULES = YES;
				CLANG_ENABLE_OBJC_ARC = YES;
				CLANG_ENABLE_OBJC_WEAK = YES;
				CLANG_WARN_BLOCK_CAPTURE_AUTORELEASING = YES;
				CLANG_WARN_BOOL_CONVERSION = YES;
				CLANG_WARN_COMMA = YES;
				CLANG_WARN_CONSTANT_CONVERSION = YES;
				CLANG_WARN_DEPRECATED_OBJC_IMPLEMENTATIONS = YES;
				CLANG_WARN_DIRECT_OBJC_ISA_USAGE = YES_ERROR;
				CLANG_WARN_DOCUMENTATION_COMMENTS = YES;
				CLANG_WARN_EMPTY_BODY = YES;
				CLANG_WARN_ENUM_CONVERSION = YES;
				CLANG_WARN_INFINITE_RECURSION = YES;
				CLANG_WARN_INT_CONVERSION = YES;
				CLANG_WARN_NON_LITERAL_NULL_CONVERSION = YES;
				CLANG_WARN_OBJC_IMPLICIT_RETAIN_SELF = YES;
				CLANG_WARN_OBJC_LITERAL_CONVERSION = YES;
				CLANG_WARN_OBJC_ROOT_CLASS = YES_ERROR;
				CLANG_WARN_QUOTED_INCLUDE_IN_FRAMEWORK_HEADER = YES;
				CLANG_WARN_RANGE_LOOP_ANALYSIS = YES;
				CLANG_WARN_STRICT_PROTOTYPES = YES;
				CLANG_WARN_SUSPICIOUS_MOVE = YES;
				CLANG_WARN_UNGUARDED_AVAILABILITY = YES_AGGRESSIVE;
				CLANG_WARN_UNREACHABLE_CODE = YES;
				CLANG_WARN__DUPLICATE_METHOD_MATCH = YES;
				COPY_PHASE_STRIP = NO;
				DEBUG_INFORMATION_FORMAT = dwarf;
				ENABLE_STRICT_OBJC_MSGSEND = YES;
				ENABLE_TESTABILITY = YES;
				GCC_C_LANGUAGE_STANDARD = gnu11;
				GCC_DYNAMIC_NO_PIC = NO;
				GCC_NO_COMMON_BLOCKS = YES;
				GCC_OPTIMIZATION_LEVEL = 0;
				GCC_PREPROCESSOR_DEFINITIONS = (
					"DEBUG=1",
					"$(inherited)",
				);
				GCC_WARN_64_TO_32_BIT_CONVERSION = YES;
				GCC_WARN_ABOUT_RETURN_TYPE = YES_ERROR;
				GCC_WARN_UNDECLARED_SELECTOR = YES;
				GCC_WARN_UNINITIALIZED_AUTOS = YES_AGGRESSIVE;
				GCC_WARN_UNUSED_FUNCTION = YES;
				GCC_WARN_UNUSED_VARIABLE = YES;
				IPHONEOS_DEPLOYMENT_TARGET = 14.2;
				MTL_ENABLE_DEBUG_INFO = INCLUDE_SOURCE;
				MTL_FAST_MATH = YES;
				ONLY_ACTIVE_ARCH = YES;
				SDKROOT = iphoneos;
				SWIFT_ACTIVE_COMPILATION_CONDITIONS = DEBUG;
				SWIFT_OPTIMIZATION_LEVEL = "-Onone";
			};
			name = Debug;
		};
		FA498FEE25F7CEF000AFA0DF /* Release */ = {
			isa = XCBuildConfiguration;
			buildSettings = {
				ALWAYS_SEARCH_USER_PATHS = NO;
				CLANG_ANALYZER_LOCALIZABILITY_NONLOCALIZED = YES;
				CLANG_ANALYZER_NONNULL = YES;
				CLANG_ANALYZER_NUMBER_OBJECT_CONVERSION = YES_AGGRESSIVE;
				CLANG_CXX_LANGUAGE_STANDARD = "gnu++14";
				CLANG_CXX_LIBRARY = "libc++";
				CLANG_ENABLE_MODULES = YES;
				CLANG_ENABLE_OBJC_ARC = YES;
				CLANG_ENABLE_OBJC_WEAK = YES;
				CLANG_WARN_BLOCK_CAPTURE_AUTORELEASING = YES;
				CLANG_WARN_BOOL_CONVERSION = YES;
				CLANG_WARN_COMMA = YES;
				CLANG_WARN_CONSTANT_CONVERSION = YES;
				CLANG_WARN_DEPRECATED_OBJC_IMPLEMENTATIONS = YES;
				CLANG_WARN_DIRECT_OBJC_ISA_USAGE = YES_ERROR;
				CLANG_WARN_DOCUMENTATION_COMMENTS = YES;
				CLANG_WARN_EMPTY_BODY = YES;
				CLANG_WARN_ENUM_CONVERSION = YES;
				CLANG_WARN_INFINITE_RECURSION = YES;
				CLANG_WARN_INT_CONVERSION = YES;
				CLANG_WARN_NON_LITERAL_NULL_CONVERSION = YES;
				CLANG_WARN_OBJC_IMPLICIT_RETAIN_SELF = YES;
				CLANG_WARN_OBJC_LITERAL_CONVERSION = YES;
				CLANG_WARN_OBJC_ROOT_CLASS = YES_ERROR;
				CLANG_WARN_QUOTED_INCLUDE_IN_FRAMEWORK_HEADER = YES;
				CLANG_WARN_RANGE_LOOP_ANALYSIS = YES;
				CLANG_WARN_STRICT_PROTOTYPES = YES;
				CLANG_WARN_SUSPICIOUS_MOVE = YES;
				CLANG_WARN_UNGUARDED_AVAILABILITY = YES_AGGRESSIVE;
				CLANG_WARN_UNREACHABLE_CODE = YES;
				CLANG_WARN__DUPLICATE_METHOD_MATCH = YES;
				COPY_PHASE_STRIP = NO;
				DEBUG_INFORMATION_FORMAT = "dwarf-with-dsym";
				ENABLE_NS_ASSERTIONS = NO;
				ENABLE_STRICT_OBJC_MSGSEND = YES;
				GCC_C_LANGUAGE_STANDARD = gnu11;
				GCC_NO_COMMON_BLOCKS = YES;
				GCC_WARN_64_TO_32_BIT_CONVERSION = YES;
				GCC_WARN_ABOUT_RETURN_TYPE = YES_ERROR;
				GCC_WARN_UNDECLARED_SELECTOR = YES;
				GCC_WARN_UNINITIALIZED_AUTOS = YES_AGGRESSIVE;
				GCC_WARN_UNUSED_FUNCTION = YES;
				GCC_WARN_UNUSED_VARIABLE = YES;
				IPHONEOS_DEPLOYMENT_TARGET = 14.2;
				MTL_ENABLE_DEBUG_INFO = NO;
				MTL_FAST_MATH = YES;
				SDKROOT = iphoneos;
				SWIFT_COMPILATION_MODE = wholemodule;
				SWIFT_OPTIMIZATION_LEVEL = "-O";
				VALIDATE_PRODUCT = YES;
			};
			name = Release;
		};
		FA498FF025F7CEF000AFA0DF /* Debug */ = {
			isa = XCBuildConfiguration;
			baseConfigurationReference = B392E80DF3967D60B6ED1C26 /* Pods-Tawseel.debug.xcconfig */;
			buildSettings = {
				ASSETCATALOG_COMPILER_APPICON_NAME = AppIcon;
				ASSETCATALOG_COMPILER_GLOBAL_ACCENT_COLOR_NAME = AccentColor;
				CODE_SIGN_STYLE = Automatic;
				DEVELOPMENT_TEAM = 96M9N8T7PD;
				INFOPLIST_FILE = Tawseel/Info.plist;
				LD_RUNPATH_SEARCH_PATHS = (
					"$(inherited)",
					"@executable_path/Frameworks",
				);
				PRODUCT_BUNDLE_IDENTIFIER = com.chathanyalkahlout.Tawseel;
				PRODUCT_NAME = "$(TARGET_NAME)";
				SWIFT_VERSION = 5.0;
				TARGETED_DEVICE_FAMILY = "1,2";
			};
			name = Debug;
		};
		FA498FF125F7CEF000AFA0DF /* Release */ = {
			isa = XCBuildConfiguration;
			baseConfigurationReference = 6379DF579AE44732B81A2664 /* Pods-Tawseel.release.xcconfig */;
			buildSettings = {
				ASSETCATALOG_COMPILER_APPICON_NAME = AppIcon;
				ASSETCATALOG_COMPILER_GLOBAL_ACCENT_COLOR_NAME = AccentColor;
				CODE_SIGN_STYLE = Automatic;
				DEVELOPMENT_TEAM = 96M9N8T7PD;
				INFOPLIST_FILE = Tawseel/Info.plist;
				LD_RUNPATH_SEARCH_PATHS = (
					"$(inherited)",
					"@executable_path/Frameworks",
				);
				PRODUCT_BUNDLE_IDENTIFIER = com.chathanyalkahlout.Tawseel;
				PRODUCT_NAME = "$(TARGET_NAME)";
				SWIFT_VERSION = 5.0;
				TARGETED_DEVICE_FAMILY = "1,2";
			};
			name = Release;
		};
/* End XCBuildConfiguration section */

/* Begin XCConfigurationList section */
		FA498FD625F7CEEE00AFA0DF /* Build configuration list for PBXProject "Tawseel" */ = {
			isa = XCConfigurationList;
			buildConfigurations = (
				FA498FED25F7CEF000AFA0DF /* Debug */,
				FA498FEE25F7CEF000AFA0DF /* Release */,
			);
			defaultConfigurationIsVisible = 0;
			defaultConfigurationName = Release;
		};
		FA498FEF25F7CEF000AFA0DF /* Build configuration list for PBXNativeTarget "Tawseel" */ = {
			isa = XCConfigurationList;
			buildConfigurations = (
				FA498FF025F7CEF000AFA0DF /* Debug */,
				FA498FF125F7CEF000AFA0DF /* Release */,
			);
			defaultConfigurationIsVisible = 0;
			defaultConfigurationName = Release;
		};
/* End XCConfigurationList section */
	};
	rootObject = FA498FD325F7CEEE00AFA0DF /* Project object */;
}
