// !$*UTF8*$!
{
	archiveVersion = 1;
	classes = {
	};
	objectVersion = 50;
	objects = {

/* Begin PBXBuildFile section */
		FA2E223C25F82CAB00E9D40A /* LoginScreenViewController.swift in Sources */ = {isa = PBXBuildFile; fileRef = FA2E223B25F82CAB00E9D40A /* LoginScreenViewController.swift */; };
		FA472FD625F96B8400DBEAD8 /* SignUpViewController.swift in Sources */ = {isa = PBXBuildFile; fileRef = FA472FD525F96B8400DBEAD8 /* SignUpViewController.swift */; };
		FA472FD925F96BA800DBEAD8 /* RsetPasswordViewController.swift in Sources */ = {isa = PBXBuildFile; fileRef = FA472FD825F96BA800DBEAD8 /* RsetPasswordViewController.swift */; };
		FA498FDF25F7CEEE00AFA0DF /* AppDelegate.swift in Sources */ = {isa = PBXBuildFile; fileRef = FA498FDE25F7CEEE00AFA0DF /* AppDelegate.swift */; };
		FA498FE125F7CEEE00AFA0DF /* SceneDelegate.swift in Sources */ = {isa = PBXBuildFile; fileRef = FA498FE025F7CEEE00AFA0DF /* SceneDelegate.swift */; };
		FA498FE625F7CEEE00AFA0DF /* Main.storyboard in Resources */ = {isa = PBXBuildFile; fileRef = FA498FE425F7CEEE00AFA0DF /* Main.storyboard */; };
		FA498FE825F7CEF000AFA0DF /* Assets.xcassets in Resources */ = {isa = PBXBuildFile; fileRef = FA498FE725F7CEF000AFA0DF /* Assets.xcassets */; };
		FA498FEB25F7CEF000AFA0DF /* LaunchScreen.storyboard in Resources */ = {isa = PBXBuildFile; fileRef = FA498FE925F7CEF000AFA0DF /* LaunchScreen.storyboard */; };
		FA77471125FA5E3A003BBFE5 /* WelcomeViewController.swift in Sources */ = {isa = PBXBuildFile; fileRef = FA77471025FA5E3A003BBFE5 /* WelcomeViewController.swift */; };
		FA77471925FA62DD003BBFE5 /* WelcomePageCollectionViewCell.swift in Sources */ = {isa = PBXBuildFile; fileRef = FA77471825FA62DD003BBFE5 /* WelcomePageCollectionViewCell.swift */; };
		FAB598DF25F93B94009CEDFB /* UIViewCustomCornerRadius.swift in Sources */ = {isa = PBXBuildFile; fileRef = FAB598D725F93B94009CEDFB /* UIViewCustomCornerRadius.swift */; };
		FAB598E025F93B94009CEDFB /* BottomBorderTextField.swift in Sources */ = {isa = PBXBuildFile; fileRef = FAB598D825F93B94009CEDFB /* BottomBorderTextField.swift */; };
		FAB598E125F93B94009CEDFB /* ViewDesignable.swift in Sources */ = {isa = PBXBuildFile; fileRef = FAB598D925F93B94009CEDFB /* ViewDesignable.swift */; };
		FAB598E225F93B94009CEDFB /* ButtonDesignable.swift in Sources */ = {isa = PBXBuildFile; fileRef = FAB598DA25F93B94009CEDFB /* ButtonDesignable.swift */; };
		FAB598E325F93B94009CEDFB /* TextFieldDesignable.swift in Sources */ = {isa = PBXBuildFile; fileRef = FAB598DB25F93B94009CEDFB /* TextFieldDesignable.swift */; };
		FAB598E425F93B94009CEDFB /* IconTextField.swift in Sources */ = {isa = PBXBuildFile; fileRef = FAB598DC25F93B94009CEDFB /* IconTextField.swift */; };
		FAB598E525F93B94009CEDFB /* UIImageViewDesignable.swift in Sources */ = {isa = PBXBuildFile; fileRef = FAB598DD25F93B94009CEDFB /* UIImageViewDesignable.swift */; };
		FAB598E625F93B94009CEDFB /* UILabelDesignable.swift in Sources */ = {isa = PBXBuildFile; fileRef = FAB598DE25F93B94009CEDFB /* UILabelDesignable.swift */; };
		FAB598F125F93D36009CEDFB /* Tajawal-Bold.ttf in Resources */ = {isa = PBXBuildFile; fileRef = FAB598EA25F93D35009CEDFB /* Tajawal-Bold.ttf */; };
		FAB598F225F93D36009CEDFB /* Tajawal-Medium.ttf in Resources */ = {isa = PBXBuildFile; fileRef = FAB598EB25F93D35009CEDFB /* Tajawal-Medium.ttf */; };
		FAB598F325F93D36009CEDFB /* Tajawal-Light.ttf in Resources */ = {isa = PBXBuildFile; fileRef = FAB598EC25F93D35009CEDFB /* Tajawal-Light.ttf */; };
		FAB598F425F93D36009CEDFB /* Tajawal-Black.ttf in Resources */ = {isa = PBXBuildFile; fileRef = FAB598ED25F93D36009CEDFB /* Tajawal-Black.ttf */; };
		FAB598F525F93D36009CEDFB /* Tajawal-ExtraBold.ttf in Resources */ = {isa = PBXBuildFile; fileRef = FAB598EE25F93D36009CEDFB /* Tajawal-ExtraBold.ttf */; };
		FAB598F625F93D36009CEDFB /* Tajawal-Regular.ttf in Resources */ = {isa = PBXBuildFile; fileRef = FAB598EF25F93D36009CEDFB /* Tajawal-Regular.ttf */; };
		FAB598F725F93D36009CEDFB /* Tajawal-ExtraLight.ttf in Resources */ = {isa = PBXBuildFile; fileRef = FAB598F025F93D36009CEDFB /* Tajawal-ExtraLight.ttf */; };
		FAFD089B25F80B9C0024872B /* ViewExtension.swift in Sources */ = {isa = PBXBuildFile; fileRef = FAFD089A25F80B9B0024872B /* ViewExtension.swift */; };
/* End PBXBuildFile section */

/* Begin PBXFileReference section */
		FA2E223B25F82CAB00E9D40A /* LoginScreenViewController.swift */ = {isa = PBXFileReference; lastKnownFileType = sourcecode.swift; path = LoginScreenViewController.swift; sourceTree = "<group>"; };
		FA472FD525F96B8400DBEAD8 /* SignUpViewController.swift */ = {isa = PBXFileReference; lastKnownFileType = sourcecode.swift; path = SignUpViewController.swift; sourceTree = "<group>"; };
		FA472FD825F96BA800DBEAD8 /* RsetPasswordViewController.swift */ = {isa = PBXFileReference; lastKnownFileType = sourcecode.swift; path = RsetPasswordViewController.swift; sourceTree = "<group>"; };
		FA498FDB25F7CEEE00AFA0DF /* Tawseel.app */ = {isa = PBXFileReference; explicitFileType = wrapper.application; includeInIndex = 0; path = Tawseel.app; sourceTree = BUILT_PRODUCTS_DIR; };
		FA498FDE25F7CEEE00AFA0DF /* AppDelegate.swift */ = {isa = PBXFileReference; lastKnownFileType = sourcecode.swift; path = AppDelegate.swift; sourceTree = "<group>"; };
		FA498FE025F7CEEE00AFA0DF /* SceneDelegate.swift */ = {isa = PBXFileReference; lastKnownFileType = sourcecode.swift; path = SceneDelegate.swift; sourceTree = "<group>"; };
		FA498FE525F7CEEE00AFA0DF /* Base */ = {isa = PBXFileReference; lastKnownFileType = file.storyboard; name = Base; path = Base.lproj/Main.storyboard; sourceTree = "<group>"; };
		FA498FE725F7CEF000AFA0DF /* Assets.xcassets */ = {isa = PBXFileReference; lastKnownFileType = folder.assetcatalog; path = Assets.xcassets; sourceTree = "<group>"; };
		FA498FEA25F7CEF000AFA0DF /* Base */ = {isa = PBXFileReference; lastKnownFileType = file.storyboard; name = Base; path = Base.lproj/LaunchScreen.storyboard; sourceTree = "<group>"; };
		FA498FEC25F7CEF000AFA0DF /* Info.plist */ = {isa = PBXFileReference; lastKnownFileType = text.plist.xml; path = Info.plist; sourceTree = "<group>"; };
		FA77471025FA5E3A003BBFE5 /* WelcomeViewController.swift */ = {isa = PBXFileReference; lastKnownFileType = sourcecode.swift; path = WelcomeViewController.swift; sourceTree = "<group>"; };
		FA77471825FA62DD003BBFE5 /* WelcomePageCollectionViewCell.swift */ = {isa = PBXFileReference; lastKnownFileType = sourcecode.swift; path = WelcomePageCollectionViewCell.swift; sourceTree = "<group>"; };
		FAB598D725F93B94009CEDFB /* UIViewCustomCornerRadius.swift */ = {isa = PBXFileReference; fileEncoding = 4; lastKnownFileType = sourcecode.swift; path = UIViewCustomCornerRadius.swift; sourceTree = "<group>"; };
		FAB598D825F93B94009CEDFB /* BottomBorderTextField.swift */ = {isa = PBXFileReference; fileEncoding = 4; lastKnownFileType = sourcecode.swift; path = BottomBorderTextField.swift; sourceTree = "<group>"; };
		FAB598D925F93B94009CEDFB /* ViewDesignable.swift */ = {isa = PBXFileReference; fileEncoding = 4; lastKnownFileType = sourcecode.swift; path = ViewDesignable.swift; sourceTree = "<group>"; };
		FAB598DA25F93B94009CEDFB /* ButtonDesignable.swift */ = {isa = PBXFileReference; fileEncoding = 4; lastKnownFileType = sourcecode.swift; path = ButtonDesignable.swift; sourceTree = "<group>"; };
		FAB598DB25F93B94009CEDFB /* TextFieldDesignable.swift */ = {isa = PBXFileReference; fileEncoding = 4; lastKnownFileType = sourcecode.swift; path = TextFieldDesignable.swift; sourceTree = "<group>"; };
		FAB598DC25F93B94009CEDFB /* IconTextField.swift */ = {isa = PBXFileReference; fileEncoding = 4; lastKnownFileType = sourcecode.swift; path = IconTextField.swift; sourceTree = "<group>"; };
		FAB598DD25F93B94009CEDFB /* UIImageViewDesignable.swift */ = {isa = PBXFileReference; fileEncoding = 4; lastKnownFileType = sourcecode.swift; path = UIImageViewDesignable.swift; sourceTree = "<group>"; };
		FAB598DE25F93B94009CEDFB /* UILabelDesignable.swift */ = {isa = PBXFileReference; fileEncoding = 4; lastKnownFileType = sourcecode.swift; path = UILabelDesignable.swift; sourceTree = "<group>"; };
		FAB598EA25F93D35009CEDFB /* Tajawal-Bold.ttf */ = {isa = PBXFileReference; lastKnownFileType = file; path = "Tajawal-Bold.ttf"; sourceTree = "<group>"; };
		FAB598EB25F93D35009CEDFB /* Tajawal-Medium.ttf */ = {isa = PBXFileReference; lastKnownFileType = file; path = "Tajawal-Medium.ttf"; sourceTree = "<group>"; };
		FAB598EC25F93D35009CEDFB /* Tajawal-Light.ttf */ = {isa = PBXFileReference; lastKnownFileType = file; path = "Tajawal-Light.ttf"; sourceTree = "<group>"; };
		FAB598ED25F93D36009CEDFB /* Tajawal-Black.ttf */ = {isa = PBXFileReference; lastKnownFileType = file; path = "Tajawal-Black.ttf"; sourceTree = "<group>"; };
		FAB598EE25F93D36009CEDFB /* Tajawal-ExtraBold.ttf */ = {isa = PBXFileReference; lastKnownFileType = file; path = "Tajawal-ExtraBold.ttf"; sourceTree = "<group>"; };
		FAB598EF25F93D36009CEDFB /* Tajawal-Regular.ttf */ = {isa = PBXFileReference; lastKnownFileType = file; path = "Tajawal-Regular.ttf"; sourceTree = "<group>"; };
		FAB598F025F93D36009CEDFB /* Tajawal-ExtraLight.ttf */ = {isa = PBXFileReference; lastKnownFileType = file; path = "Tajawal-ExtraLight.ttf"; sourceTree = "<group>"; };
		FAFD089A25F80B9B0024872B /* ViewExtension.swift */ = {isa = PBXFileReference; fileEncoding = 4; lastKnownFileType = sourcecode.swift; path = ViewExtension.swift; sourceTree = "<group>"; };
/* End PBXFileReference section */

/* Begin PBXFrameworksBuildPhase section */
		FA498FD825F7CEEE00AFA0DF /* Frameworks */ = {
			isa = PBXFrameworksBuildPhase;
			buildActionMask = 2147483647;
			files = (
			);
			runOnlyForDeploymentPostprocessing = 0;
		};
/* End PBXFrameworksBuildPhase section */

/* Begin PBXGroup section */
		FA498FD225F7CEEE00AFA0DF = {
			isa = PBXGroup;
			children = (
				FA498FDD25F7CEEE00AFA0DF /* Tawseel */,
				FA498FDC25F7CEEE00AFA0DF /* Products */,
			);
			sourceTree = "<group>";
		};
		FA498FDC25F7CEEE00AFA0DF /* Products */ = {
			isa = PBXGroup;
			children = (
				FA498FDB25F7CEEE00AFA0DF /* Tawseel.app */,
			);
			name = Products;
			sourceTree = "<group>";
		};
		FA498FDD25F7CEEE00AFA0DF /* Tawseel */ = {
			isa = PBXGroup;
			children = (
				FAB598E825F93D1A009CEDFB /* Fonts */,
				FAB598D625F93B94009CEDFB /* Designable */,
				FAFD089925F80B9B0024872B /* Extension */,
				FA498FF425F7D0E600AFA0DF /* Model */,
				FA498FF325F7D0DE00AFA0DF /* Controller */,
				FA498FDE25F7CEEE00AFA0DF /* AppDelegate.swift */,
				FA498FE025F7CEEE00AFA0DF /* SceneDelegate.swift */,
				FA498FE425F7CEEE00AFA0DF /* Main.storyboard */,
				FA498FE725F7CEF000AFA0DF /* Assets.xcassets */,
				FA498FE925F7CEF000AFA0DF /* LaunchScreen.storyboard */,
				FA498FEC25F7CEF000AFA0DF /* Info.plist */,
			);
			path = Tawseel;
			sourceTree = "<group>";
		};
		FA498FF325F7D0DE00AFA0DF /* Controller */ = {
			isa = PBXGroup;
			children = (
				FA77471325FA6292003BBFE5 /* Cell */,
				FA2E223B25F82CAB00E9D40A /* LoginScreenViewController.swift */,
				FA472FD525F96B8400DBEAD8 /* SignUpViewController.swift */,
				FA472FD825F96BA800DBEAD8 /* RsetPasswordViewController.swift */,
				FA77471025FA5E3A003BBFE5 /* WelcomeViewController.swift */,
			);
			path = Controller;
			sourceTree = "<group>";
		};
		FA498FF425F7D0E600AFA0DF /* Model */ = {
			isa = PBXGroup;
			children = (
			);
			path = Model;
			sourceTree = "<group>";
		};
		FA77471325FA6292003BBFE5 /* Cell */ = {
			isa = PBXGroup;
			children = (
				FA77471825FA62DD003BBFE5 /* WelcomePageCollectionViewCell.swift */,
			);
			path = Cell;
			sourceTree = "<group>";
		};
		FAB598D625F93B94009CEDFB /* Designable */ = {
			isa = PBXGroup;
			children = (
				FAB598D725F93B94009CEDFB /* UIViewCustomCornerRadius.swift */,
				FAB598D825F93B94009CEDFB /* BottomBorderTextField.swift */,
				FAB598D925F93B94009CEDFB /* ViewDesignable.swift */,
				FAB598DA25F93B94009CEDFB /* ButtonDesignable.swift */,
				FAB598DB25F93B94009CEDFB /* TextFieldDesignable.swift */,
				FAB598DC25F93B94009CEDFB /* IconTextField.swift */,
				FAB598DD25F93B94009CEDFB /* UIImageViewDesignable.swift */,
				FAB598DE25F93B94009CEDFB /* UILabelDesignable.swift */,
			);
			path = Designable;
			sourceTree = "<group>";
		};
		FAB598E825F93D1A009CEDFB /* Fonts */ = {
			isa = PBXGroup;
			children = (
				FAB598E925F93D21009CEDFB /* Tajawal */,
			);
			path = Fonts;
			sourceTree = "<group>";
		};
		FAB598E925F93D21009CEDFB /* Tajawal */ = {
			isa = PBXGroup;
			children = (
				FAB598ED25F93D36009CEDFB /* Tajawal-Black.ttf */,
				FAB598EA25F93D35009CEDFB /* Tajawal-Bold.ttf */,
				FAB598EE25F93D36009CEDFB /* Tajawal-ExtraBold.ttf */,
				FAB598F025F93D36009CEDFB /* Tajawal-ExtraLight.ttf */,
				FAB598EC25F93D35009CEDFB /* Tajawal-Light.ttf */,
				FAB598EB25F93D35009CEDFB /* Tajawal-Medium.ttf */,
				FAB598EF25F93D36009CEDFB /* Tajawal-Regular.ttf */,
			);
			path = Tajawal;
			sourceTree = "<group>";
		};
		FAFD089925F80B9B0024872B /* Extension */ = {
			isa = PBXGroup;
			children = (
				FAFD089A25F80B9B0024872B /* ViewExtension.swift */,
			);
			path = Extension;
			sourceTree = "<group>";
		};
/* End PBXGroup section */

/* Begin PBXNativeTarget section */
		FA498FDA25F7CEEE00AFA0DF /* Tawseel */ = {
			isa = PBXNativeTarget;
			buildConfigurationList = FA498FEF25F7CEF000AFA0DF /* Build configuration list for PBXNativeTarget "Tawseel" */;
			buildPhases = (
				FA498FD725F7CEEE00AFA0DF /* Sources */,
				FA498FD825F7CEEE00AFA0DF /* Frameworks */,
				FA498FD925F7CEEE00AFA0DF /* Resources */,
			);
			buildRules = (
			);
			dependencies = (
			);
			name = Tawseel;
			productName = Tawseel;
			productReference = FA498FDB25F7CEEE00AFA0DF /* Tawseel.app */;
			productType = "com.apple.product-type.application";
		};
/* End PBXNativeTarget section */

/* Begin PBXProject section */
		FA498FD325F7CEEE00AFA0DF /* Project object */ = {
			isa = PBXProject;
			attributes = {
				LastSwiftUpdateCheck = 1220;
				LastUpgradeCheck = 1220;
				TargetAttributes = {
					FA498FDA25F7CEEE00AFA0DF = {
						CreatedOnToolsVersion = 12.2;
					};
				};
			};
			buildConfigurationList = FA498FD625F7CEEE00AFA0DF /* Build configuration list for PBXProject "Tawseel" */;
			compatibilityVersion = "Xcode 9.3";
			developmentRegion = en;
			hasScannedForEncodings = 0;
			knownRegions = (
				en,
				Base,
			);
			mainGroup = FA498FD225F7CEEE00AFA0DF;
			productRefGroup = FA498FDC25F7CEEE00AFA0DF /* Products */;
			projectDirPath = "";
			projectRoot = "";
			targets = (
				FA498FDA25F7CEEE00AFA0DF /* Tawseel */,
			);
		};
/* End PBXProject section */

/* Begin PBXResourcesBuildPhase section */
		FA498FD925F7CEEE00AFA0DF /* Resources */ = {
			isa = PBXResourcesBuildPhase;
			buildActionMask = 2147483647;
			files = (
				FA498FEB25F7CEF000AFA0DF /* LaunchScreen.storyboard in Resources */,
				FA498FE825F7CEF000AFA0DF /* Assets.xcassets in Resources */,
				FAB598F125F93D36009CEDFB /* Tajawal-Bold.ttf in Resources */,
				FAB598F725F93D36009CEDFB /* Tajawal-ExtraLight.ttf in Resources */,
				FAB598F425F93D36009CEDFB /* Tajawal-Black.ttf in Resources */,
				FAB598F225F93D36009CEDFB /* Tajawal-Medium.ttf in Resources */,
				FAB598F325F93D36009CEDFB /* Tajawal-Light.ttf in Resources */,
				FAB598F625F93D36009CEDFB /* Tajawal-Regular.ttf in Resources */,
				FA498FE625F7CEEE00AFA0DF /* Main.storyboard in Resources */,
				FAB598F525F93D36009CEDFB /* Tajawal-ExtraBold.ttf in Resources */,
			);
			runOnlyForDeploymentPostprocessing = 0;
		};
/* End PBXResourcesBuildPhase section */

/* Begin PBXSourcesBuildPhase section */
		FA498FD725F7CEEE00AFA0DF /* Sources */ = {
			isa = PBXSourcesBuildPhase;
			buildActionMask = 2147483647;
			files = (
				FAB598E125F93B94009CEDFB /* ViewDesignable.swift in Sources */,
				FAB598E325F93B94009CEDFB /* TextFieldDesignable.swift in Sources */,
				FA77471925FA62DD003BBFE5 /* WelcomePageCollectionViewCell.swift in Sources */,
				FAB598E225F93B94009CEDFB /* ButtonDesignable.swift in Sources */,
				FA77471125FA5E3A003BBFE5 /* WelcomeViewController.swift in Sources */,
				FAB598E525F93B94009CEDFB /* UIImageViewDesignable.swift in Sources */,
				FA498FDF25F7CEEE00AFA0DF /* AppDelegate.swift in Sources */,
				FAFD089B25F80B9C0024872B /* ViewExtension.swift in Sources */,
				FAB598E425F93B94009CEDFB /* IconTextField.swift in Sources */,
				FA472FD625F96B8400DBEAD8 /* SignUpViewController.swift in Sources */,
				FA2E223C25F82CAB00E9D40A /* LoginScreenViewController.swift in Sources */,
				FA472FD925F96BA800DBEAD8 /* RsetPasswordViewController.swift in Sources */,
				FAB598E625F93B94009CEDFB /* UILabelDesignable.swift in Sources */,
				FAB598DF25F93B94009CEDFB /* UIViewCustomCornerRadius.swift in Sources */,
				FAB598E025F93B94009CEDFB /* BottomBorderTextField.swift in Sources */,
				FA498FE125F7CEEE00AFA0DF /* SceneDelegate.swift in Sources */,
			);
			runOnlyForDeploymentPostprocessing = 0;
		};
/* End PBXSourcesBuildPhase section */

/* Begin PBXVariantGroup section */
		FA498FE425F7CEEE00AFA0DF /* Main.storyboard */ = {
			isa = PBXVariantGroup;
			children = (
				FA498FE525F7CEEE00AFA0DF /* Base */,
			);
			name = Main.storyboard;
			sourceTree = "<group>";
		};
		FA498FE925F7CEF000AFA0DF /* LaunchScreen.storyboard */ = {
			isa = PBXVariantGroup;
			children = (
				FA498FEA25F7CEF000AFA0DF /* Base */,
			);
			name = LaunchScreen.storyboard;
			sourceTree = "<group>";
		};
/* End PBXVariantGroup section */

/* Begin XCBuildConfiguration section */
		FA498FED25F7CEF000AFA0DF /* Debug */ = {
			isa = XCBuildConfiguration;
			buildSettings = {
				ALWAYS_SEARCH_USER_PATHS = NO;
				CLANG_ANALYZER_NONNULL = YES;
				CLANG_ANALYZER_NUMBER_OBJECT_CONVERSION = YES_AGGRESSIVE;
				CLANG_CXX_LANGUAGE_STANDARD = "gnu++14";
				CLANG_CXX_LIBRARY = "libc++";
				CLANG_ENABLE_MODULES = YES;
				CLANG_ENABLE_OBJC_ARC = YES;
				CLANG_ENABLE_OBJC_WEAK = YES;
				CLANG_WARN_BLOCK_CAPTURE_AUTORELEASING = YES;
				CLANG_WARN_BOOL_CONVERSION = YES;
				CLANG_WARN_COMMA = YES;
				CLANG_WARN_CONSTANT_CONVERSION = YES;
				CLANG_WARN_DEPRECATED_OBJC_IMPLEMENTATIONS = YES;
				CLANG_WARN_DIRECT_OBJC_ISA_USAGE = YES_ERROR;
				CLANG_WARN_DOCUMENTATION_COMMENTS = YES;
				CLANG_WARN_EMPTY_BODY = YES;
				CLANG_WARN_ENUM_CONVERSION = YES;
				CLANG_WARN_INFINITE_RECURSION = YES;
				CLANG_WARN_INT_CONVERSION = YES;
				CLANG_WARN_NON_LITERAL_NULL_CONVERSION = YES;
				CLANG_WARN_OBJC_IMPLICIT_RETAIN_SELF = YES;
				CLANG_WARN_OBJC_LITERAL_CONVERSION = YES;
				CLANG_WARN_OBJC_ROOT_CLASS = YES_ERROR;
				CLANG_WARN_QUOTED_INCLUDE_IN_FRAMEWORK_HEADER = YES;
				CLANG_WARN_RANGE_LOOP_ANALYSIS = YES;
				CLANG_WARN_STRICT_PROTOTYPES = YES;
				CLANG_WARN_SUSPICIOUS_MOVE = YES;
				CLANG_WARN_UNGUARDED_AVAILABILITY = YES_AGGRESSIVE;
				CLANG_WARN_UNREACHABLE_CODE = YES;
				CLANG_WARN__DUPLICATE_METHOD_MATCH = YES;
				COPY_PHASE_STRIP = NO;
				DEBUG_INFORMATION_FORMAT = dwarf;
				ENABLE_STRICT_OBJC_MSGSEND = YES;
				ENABLE_TESTABILITY = YES;
				GCC_C_LANGUAGE_STANDARD = gnu11;
				GCC_DYNAMIC_NO_PIC = NO;
				GCC_NO_COMMON_BLOCKS = YES;
				GCC_OPTIMIZATION_LEVEL = 0;
				GCC_PREPROCESSOR_DEFINITIONS = (
					"DEBUG=1",
					"$(inherited)",
				);
				GCC_WARN_64_TO_32_BIT_CONVERSION = YES;
				GCC_WARN_ABOUT_RETURN_TYPE = YES_ERROR;
				GCC_WARN_UNDECLARED_SELECTOR = YES;
				GCC_WARN_UNINITIALIZED_AUTOS = YES_AGGRESSIVE;
				GCC_WARN_UNUSED_FUNCTION = YES;
				GCC_WARN_UNUSED_VARIABLE = YES;
				IPHONEOS_DEPLOYMENT_TARGET = 14.2;
				MTL_ENABLE_DEBUG_INFO = INCLUDE_SOURCE;
				MTL_FAST_MATH = YES;
				ONLY_ACTIVE_ARCH = YES;
				SDKROOT = iphoneos;
				SWIFT_ACTIVE_COMPILATION_CONDITIONS = DEBUG;
				SWIFT_OPTIMIZATION_LEVEL = "-Onone";
			};
			name = Debug;
		};
		FA498FEE25F7CEF000AFA0DF /* Release */ = {
			isa = XCBuildConfiguration;
			buildSettings = {
				ALWAYS_SEARCH_USER_PATHS = NO;
				CLANG_ANALYZER_NONNULL = YES;
				CLANG_ANALYZER_NUMBER_OBJECT_CONVERSION = YES_AGGRESSIVE;
				CLANG_CXX_LANGUAGE_STANDARD = "gnu++14";
				CLANG_CXX_LIBRARY = "libc++";
				CLANG_ENABLE_MODULES = YES;
				CLANG_ENABLE_OBJC_ARC = YES;
				CLANG_ENABLE_OBJC_WEAK = YES;
				CLANG_WARN_BLOCK_CAPTURE_AUTORELEASING = YES;
				CLANG_WARN_BOOL_CONVERSION = YES;
				CLANG_WARN_COMMA = YES;
				CLANG_WARN_CONSTANT_CONVERSION = YES;
				CLANG_WARN_DEPRECATED_OBJC_IMPLEMENTATIONS = YES;
				CLANG_WARN_DIRECT_OBJC_ISA_USAGE = YES_ERROR;
				CLANG_WARN_DOCUMENTATION_COMMENTS = YES;
				CLANG_WARN_EMPTY_BODY = YES;
				CLANG_WARN_ENUM_CONVERSION = YES;
				CLANG_WARN_INFINITE_RECURSION = YES;
				CLANG_WARN_INT_CONVERSION = YES;
				CLANG_WARN_NON_LITERAL_NULL_CONVERSION = YES;
				CLANG_WARN_OBJC_IMPLICIT_RETAIN_SELF = YES;
				CLANG_WARN_OBJC_LITERAL_CONVERSION = YES;
				CLANG_WARN_OBJC_ROOT_CLASS = YES_ERROR;
				CLANG_WARN_QUOTED_INCLUDE_IN_FRAMEWORK_HEADER = YES;
				CLANG_WARN_RANGE_LOOP_ANALYSIS = YES;
				CLANG_WARN_STRICT_PROTOTYPES = YES;
				CLANG_WARN_SUSPICIOUS_MOVE = YES;
				CLANG_WARN_UNGUARDED_AVAILABILITY = YES_AGGRESSIVE;
				CLANG_WARN_UNREACHABLE_CODE = YES;
				CLANG_WARN__DUPLICATE_METHOD_MATCH = YES;
				COPY_PHASE_STRIP = NO;
				DEBUG_INFORMATION_FORMAT = "dwarf-with-dsym";
				ENABLE_NS_ASSERTIONS = NO;
				ENABLE_STRICT_OBJC_MSGSEND = YES;
				GCC_C_LANGUAGE_STANDARD = gnu11;
				GCC_NO_COMMON_BLOCKS = YES;
				GCC_WARN_64_TO_32_BIT_CONVERSION = YES;
				GCC_WARN_ABOUT_RETURN_TYPE = YES_ERROR;
				GCC_WARN_UNDECLARED_SELECTOR = YES;
				GCC_WARN_UNINITIALIZED_AUTOS = YES_AGGRESSIVE;
				GCC_WARN_UNUSED_FUNCTION = YES;
				GCC_WARN_UNUSED_VARIABLE = YES;
				IPHONEOS_DEPLOYMENT_TARGET = 14.2;
				MTL_ENABLE_DEBUG_INFO = NO;
				MTL_FAST_MATH = YES;
				SDKROOT = iphoneos;
				SWIFT_COMPILATION_MODE = wholemodule;
				SWIFT_OPTIMIZATION_LEVEL = "-O";
				VALIDATE_PRODUCT = YES;
			};
			name = Release;
		};
		FA498FF025F7CEF000AFA0DF /* Debug */ = {
			isa = XCBuildConfiguration;
			buildSettings = {
				ASSETCATALOG_COMPILER_APPICON_NAME = AppIcon;
				ASSETCATALOG_COMPILER_GLOBAL_ACCENT_COLOR_NAME = AccentColor;
				CODE_SIGN_STYLE = Automatic;
				DEVELOPMENT_TEAM = 96M9N8T7PD;
				INFOPLIST_FILE = Tawseel/Info.plist;
				LD_RUNPATH_SEARCH_PATHS = (
					"$(inherited)",
					"@executable_path/Frameworks",
				);
				PRODUCT_BUNDLE_IDENTIFIER = com.chathanyalkahlout.Tawseel;
				PRODUCT_NAME = "$(TARGET_NAME)";
				SWIFT_VERSION = 5.0;
				TARGETED_DEVICE_FAMILY = "1,2";
			};
			name = Debug;
		};
		FA498FF125F7CEF000AFA0DF /* Release */ = {
			isa = XCBuildConfiguration;
			buildSettings = {
				ASSETCATALOG_COMPILER_APPICON_NAME = AppIcon;
				ASSETCATALOG_COMPILER_GLOBAL_ACCENT_COLOR_NAME = AccentColor;
				CODE_SIGN_STYLE = Automatic;
				DEVELOPMENT_TEAM = 96M9N8T7PD;
				INFOPLIST_FILE = Tawseel/Info.plist;
				LD_RUNPATH_SEARCH_PATHS = (
					"$(inherited)",
					"@executable_path/Frameworks",
				);
				PRODUCT_BUNDLE_IDENTIFIER = com.chathanyalkahlout.Tawseel;
				PRODUCT_NAME = "$(TARGET_NAME)";
				SWIFT_VERSION = 5.0;
				TARGETED_DEVICE_FAMILY = "1,2";
			};
			name = Release;
		};
/* End XCBuildConfiguration section */

/* Begin XCConfigurationList section */
		FA498FD625F7CEEE00AFA0DF /* Build configuration list for PBXProject "Tawseel" */ = {
			isa = XCConfigurationList;
			buildConfigurations = (
				FA498FED25F7CEF000AFA0DF /* Debug */,
				FA498FEE25F7CEF000AFA0DF /* Release */,
			);
			defaultConfigurationIsVisible = 0;
			defaultConfigurationName = Release;
		};
		FA498FEF25F7CEF000AFA0DF /* Build configuration list for PBXNativeTarget "Tawseel" */ = {
			isa = XCConfigurationList;
			buildConfigurations = (
				FA498FF025F7CEF000AFA0DF /* Debug */,
				FA498FF125F7CEF000AFA0DF /* Release */,
			);
			defaultConfigurationIsVisible = 0;
			defaultConfigurationName = Release;
		};
/* End XCConfigurationList section */
	};
	rootObject = FA498FD325F7CEEE00AFA0DF /* Project object */;
}
